# THIS IS AN AUTOGENERATED FILE. DO NOT EDIT THIS FILE DIRECTLY.
# yarn lockfile v1


"@algolia/autocomplete-core@1.8.2":
  version "1.8.2"
  resolved "https://registry.npmjs.org/@algolia/autocomplete-core/-/autocomplete-core-1.8.2.tgz#8d758c8652742e2761450d2b615a841fca24e10e"
  integrity sha512-mTeshsyFhAqw/ebqNsQpMtbnjr+qVOSKXArEj4K0d7sqc8It1XD0gkASwecm9mF/jlOQ4Z9RNg1HbdA8JPdRwQ==
  dependencies:
    "@algolia/autocomplete-shared" "1.8.2"

"@algolia/autocomplete-preset-algolia@1.8.2":
  version "1.8.2"
  resolved "https://registry.npmjs.org/@algolia/autocomplete-preset-algolia/-/autocomplete-preset-algolia-1.8.2.tgz#706e87f94c5f198c0e90502b97af09adeeddcc79"
  integrity sha512-J0oTx4me6ZM9kIKPuL3lyU3aB8DEvpVvR6xWmHVROx5rOYJGQcZsdG4ozxwcOyiiu3qxMkIbzntnV1S1VWD8yA==
  dependencies:
    "@algolia/autocomplete-shared" "1.8.2"

"@algolia/autocomplete-shared@1.8.2":
  version "1.8.2"
  resolved "https://registry.npmjs.org/@algolia/autocomplete-shared/-/autocomplete-shared-1.8.2.tgz#e6972df5c6935a241f16e4909aa82902338e029d"
  integrity sha512-b6Z/X4MczChMcfhk6kfRmBzPgjoPzuS9KGR4AFsiLulLNRAAqhP+xZTKtMnZGhLuc61I20d5WqlId02AZvcO6g==

"@algolia/cache-browser-local-storage@4.14.3":
  version "4.14.3"
  resolved "https://registry.npmjs.org/@algolia/cache-browser-local-storage/-/cache-browser-local-storage-4.14.3.tgz#b9e0da012b2f124f785134a4d468ee0841b2399d"
  integrity sha512-hWH1yCxgG3+R/xZIscmUrWAIBnmBFHH5j30fY/+aPkEZWt90wYILfAHIOZ1/Wxhho5SkPfwFmT7ooX2d9JeQBw==
  dependencies:
    "@algolia/cache-common" "4.14.3"

"@algolia/cache-common@4.14.3":
  version "4.14.3"
  resolved "https://registry.npmjs.org/@algolia/cache-common/-/cache-common-4.14.3.tgz#a78e9faee3dfec018eab7b0996e918e06b476ac7"
  integrity sha512-oZJofOoD9FQOwiGTzyRnmzvh3ZP8WVTNPBLH5xU5JNF7drDbRT0ocVT0h/xB2rPHYzOeXRrLaQQBwRT/CKom0Q==

"@algolia/cache-in-memory@4.14.3":
  version "4.14.3"
  resolved "https://registry.npmjs.org/@algolia/cache-in-memory/-/cache-in-memory-4.14.3.tgz#96cefb942aeb80e51e6a7e29f25f4f7f3439b736"
  integrity sha512-ES0hHQnzWjeioLQf5Nq+x1AWdZJ50znNPSH3puB/Y4Xsg4Av1bvLmTJe7SY2uqONaeMTvL0OaVcoVtQgJVw0vg==
  dependencies:
    "@algolia/cache-common" "4.14.3"

"@algolia/client-account@4.14.3":
  version "4.14.3"
  resolved "https://registry.npmjs.org/@algolia/client-account/-/client-account-4.14.3.tgz#6d7d032a65c600339ce066505c77013d9a9e4966"
  integrity sha512-PBcPb0+f5Xbh5UfLZNx2Ow589OdP8WYjB4CnvupfYBrl9JyC1sdH4jcq/ri8osO/mCZYjZrQsKAPIqW/gQmizQ==
  dependencies:
    "@algolia/client-common" "4.14.3"
    "@algolia/client-search" "4.14.3"
    "@algolia/transporter" "4.14.3"

"@algolia/client-analytics@4.14.3":
  version "4.14.3"
  resolved "https://registry.npmjs.org/@algolia/client-analytics/-/client-analytics-4.14.3.tgz#ca409d00a8fff98fdcc215dc96731039900055dc"
  integrity sha512-eAwQq0Hb/aauv9NhCH5Dp3Nm29oFx28sayFN2fdOWemwSeJHIl7TmcsxVlRsO50fsD8CtPcDhtGeD3AIFLNvqw==
  dependencies:
    "@algolia/client-common" "4.14.3"
    "@algolia/client-search" "4.14.3"
    "@algolia/requester-common" "4.14.3"
    "@algolia/transporter" "4.14.3"

"@algolia/client-common@4.14.3":
  version "4.14.3"
  resolved "https://registry.npmjs.org/@algolia/client-common/-/client-common-4.14.3.tgz#c44e48652b2121a20d7a40cfd68d095ebb4191a8"
  integrity sha512-jkPPDZdi63IK64Yg4WccdCsAP4pHxSkr4usplkUZM5C1l1oEpZXsy2c579LQ0rvwCs5JFmwfNG4ahOszidfWPw==
  dependencies:
    "@algolia/requester-common" "4.14.3"
    "@algolia/transporter" "4.14.3"

"@algolia/client-personalization@4.14.3":
  version "4.14.3"
  resolved "https://registry.npmjs.org/@algolia/client-personalization/-/client-personalization-4.14.3.tgz#8f71325035aa2a5fa7d1d567575235cf1d6c654f"
  integrity sha512-UCX1MtkVNgaOL9f0e22x6tC9e2H3unZQlSUdnVaSKpZ+hdSChXGaRjp2UIT7pxmPqNCyv51F597KEX5WT60jNg==
  dependencies:
    "@algolia/client-common" "4.14.3"
    "@algolia/requester-common" "4.14.3"
    "@algolia/transporter" "4.14.3"

"@algolia/client-search@4.14.3":
  version "4.14.3"
  resolved "https://registry.npmjs.org/@algolia/client-search/-/client-search-4.14.3.tgz#cf1e77549f5c3e73408ffe6441ede985fde69da0"
  integrity sha512-I2U7xBx5OPFdPLA8AXKUPPxGY3HDxZ4r7+mlZ8ZpLbI8/ri6fnu6B4z3wcL7sgHhDYMwnAE8Xr0AB0h3Hnkp4A==
  dependencies:
    "@algolia/client-common" "4.14.3"
    "@algolia/requester-common" "4.14.3"
    "@algolia/transporter" "4.14.3"

"@algolia/logger-common@4.14.3":
  version "4.14.3"
  resolved "https://registry.npmjs.org/@algolia/logger-common/-/logger-common-4.14.3.tgz#87d4725e7f56ea5a39b605771b7149fff62032a7"
  integrity sha512-kUEAZaBt/J3RjYi8MEBT2QEexJR2kAE2mtLmezsmqMQZTV502TkHCxYzTwY2dE7OKcUTxi4OFlMuS4GId9CWPw==

"@algolia/logger-console@4.14.3":
  version "4.14.3"
  resolved "https://registry.npmjs.org/@algolia/logger-console/-/logger-console-4.14.3.tgz#1f19f8f0a5ef11f01d1f9545290eb6a89b71fb8a"
  integrity sha512-ZWqAlUITktiMN2EiFpQIFCJS10N96A++yrexqC2Z+3hgF/JcKrOxOdT4nSCQoEPvU4Ki9QKbpzbebRDemZt/hw==
  dependencies:
    "@algolia/logger-common" "4.14.3"

"@algolia/requester-browser-xhr@4.14.3":
  version "4.14.3"
  resolved "https://registry.npmjs.org/@algolia/requester-browser-xhr/-/requester-browser-xhr-4.14.3.tgz#bcf55cba20f58fd9bc95ee55793b5219f3ce8888"
  integrity sha512-AZeg2T08WLUPvDncl2XLX2O67W5wIO8MNaT7z5ii5LgBTuk/rU4CikTjCe2xsUleIZeFl++QrPAi4Bdxws6r/Q==
  dependencies:
    "@algolia/requester-common" "4.14.3"

"@algolia/requester-common@4.14.3":
  version "4.14.3"
  resolved "https://registry.npmjs.org/@algolia/requester-common/-/requester-common-4.14.3.tgz#2d02fbe01afb7ae5651ae8dfe62d6c089f103714"
  integrity sha512-RrRzqNyKFDP7IkTuV3XvYGF9cDPn9h6qEDl595lXva3YUk9YSS8+MGZnnkOMHvjkrSCKfoLeLbm/T4tmoIeclw==

"@algolia/requester-node-http@4.14.3":
  version "4.14.3"
  resolved "https://registry.npmjs.org/@algolia/requester-node-http/-/requester-node-http-4.14.3.tgz#72389e1c2e5d964702451e75e368eefe85a09d8f"
  integrity sha512-O5wnPxtDRPuW2U0EaOz9rMMWdlhwP0J0eSL1Z7TtXF8xnUeeUyNJrdhV5uy2CAp6RbhM1VuC3sOJcIR6Av+vbA==
  dependencies:
    "@algolia/requester-common" "4.14.3"

"@algolia/transporter@4.14.3":
  version "4.14.3"
  resolved "https://registry.npmjs.org/@algolia/transporter/-/transporter-4.14.3.tgz#5593036bd9cf2adfd077fdc3e81d2e6118660a7a"
  integrity sha512-2qlKlKsnGJ008exFRb5RTeTOqhLZj0bkMCMVskxoqWejs2Q2QtWmsiH98hDfpw0fmnyhzHEt0Z7lqxBYp8bW2w==
  dependencies:
    "@algolia/cache-common" "4.14.3"
    "@algolia/logger-common" "4.14.3"
    "@algolia/requester-common" "4.14.3"

"@babel/parser@^7.16.4":
  version "7.20.7"
  resolved "https://registry.npmjs.org/@babel/parser/-/parser-7.20.7.tgz#66fe23b3c8569220817d5feb8b9dcdc95bb4f71b"
  integrity sha512-T3Z9oHybU+0vZlY9CiDSJQTD5ZapcW18ZctFMi0MOAl/4BjFF4ul7NVSARLdbGO5vDqy9eQiGTV0LtKfvCYvcg==

"@babel/parser@^7.20.15", "@babel/parser@^7.21.3":
  version "7.21.8"
  resolved "https://registry.npmjs.org/@babel/parser/-/parser-7.21.8.tgz#642af7d0333eab9c0ad70b14ac5e76dbde7bfdf8"
  integrity sha512-6zavDGdzG3gUqAdWvlLFfk+36RilI+Pwyuuh7HItyeScCWP3k6i8vKclAQ0bM/0y/Kz/xiwvxhMv9MgTJP5gmA==

"@docsearch/css@3.3.4", "@docsearch/css@^3.3.4":
  version "3.3.4"
  resolved "https://registry.npmjs.org/@docsearch/css/-/css-3.3.4.tgz#533719eac0aa3934318074e7e981e633727ad2fd"
  integrity sha512-vDwCDoVXDgopw/hvr0zEADew2wWaGP8Qq0Bxhgii1Ewz2t4fQeyJwIRN/mWADeLFYPVkpz8TpEbxya/i6Tm0WA==

"@docsearch/js@^3.3.4":
  version "3.3.4"
  resolved "https://registry.npmjs.org/@docsearch/js/-/js-3.3.4.tgz#9ac4192f55535904a4c4235ee936ef11a109461c"
  integrity sha512-Xd2saBziXJ1UuVpcDz94zAFEFAM6ap993agh0za2e3LDZLhaW993b1f9gyUL4e1CZLsR076tztG2un2gVncvpA==
  dependencies:
    "@docsearch/react" "3.3.4"
    preact "^10.0.0"

"@docsearch/react@3.3.4":
  version "3.3.4"
  resolved "https://registry.npmjs.org/@docsearch/react/-/react-3.3.4.tgz#d49cf9e5d939145c9fe688113c5bdf41975d8ae7"
  integrity sha512-aeOf1WC5zMzBEi2SI6WWznOmIo9rnpN4p7a3zHXxowVciqlI4HsZGtOR9nFOufLeolv7HibwLlaM0oyUqJxasw==
  dependencies:
    "@algolia/autocomplete-core" "1.8.2"
    "@algolia/autocomplete-preset-algolia" "1.8.2"
    "@docsearch/css" "3.3.4"
    algoliasearch "^4.0.0"

"@esbuild/android-arm64@0.17.19":
  version "0.17.19"
  resolved "https://registry.npmjs.org/@esbuild/android-arm64/-/android-arm64-0.17.19.tgz#bafb75234a5d3d1b690e7c2956a599345e84a2fd"
  integrity sha512-KBMWvEZooR7+kzY0BtbTQn0OAYY7CsiydT63pVEaPtVYF0hXbUaOyZog37DKxK7NF3XacBJOpYT4adIJh+avxA==

"@esbuild/android-arm@0.17.19":
  version "0.17.19"
  resolved "https://registry.npmjs.org/@esbuild/android-arm/-/android-arm-0.17.19.tgz#5898f7832c2298bc7d0ab53701c57beb74d78b4d"
  integrity sha512-rIKddzqhmav7MSmoFCmDIb6e2W57geRsM94gV2l38fzhXMwq7hZoClug9USI2pFRGL06f4IOPHHpFNOkWieR8A==

"@esbuild/android-x64@0.17.19":
  version "0.17.19"
  resolved "https://registry.npmjs.org/@esbuild/android-x64/-/android-x64-0.17.19.tgz#658368ef92067866d95fb268719f98f363d13ae1"
  integrity sha512-uUTTc4xGNDT7YSArp/zbtmbhO0uEEK9/ETW29Wk1thYUJBz3IVnvgEiEwEa9IeLyvnpKrWK64Utw2bgUmDveww==

"@esbuild/darwin-arm64@0.17.19":
  version "0.17.19"
  resolved "https://registry.npmjs.org/@esbuild/darwin-arm64/-/darwin-arm64-0.17.19.tgz#584c34c5991b95d4d48d333300b1a4e2ff7be276"
  integrity sha512-80wEoCfF/hFKM6WE1FyBHc9SfUblloAWx6FJkFWTWiCoht9Mc0ARGEM47e67W9rI09YoUxJL68WHfDRYEAvOhg==

"@esbuild/darwin-x64@0.17.19":
  version "0.17.19"
  resolved "https://registry.npmjs.org/@esbuild/darwin-x64/-/darwin-x64-0.17.19.tgz#7751d236dfe6ce136cce343dce69f52d76b7f6cb"
  integrity sha512-IJM4JJsLhRYr9xdtLytPLSH9k/oxR3boaUIYiHkAawtwNOXKE8KoU8tMvryogdcT8AU+Bflmh81Xn6Q0vTZbQw==

"@esbuild/freebsd-arm64@0.17.19":
  version "0.17.19"
  resolved "https://registry.npmjs.org/@esbuild/freebsd-arm64/-/freebsd-arm64-0.17.19.tgz#cacd171665dd1d500f45c167d50c6b7e539d5fd2"
  integrity sha512-pBwbc7DufluUeGdjSU5Si+P3SoMF5DQ/F/UmTSb8HXO80ZEAJmrykPyzo1IfNbAoaqw48YRpv8shwd1NoI0jcQ==

"@esbuild/freebsd-x64@0.17.19":
  version "0.17.19"
  resolved "https://registry.npmjs.org/@esbuild/freebsd-x64/-/freebsd-x64-0.17.19.tgz#0769456eee2a08b8d925d7c00b79e861cb3162e4"
  integrity sha512-4lu+n8Wk0XlajEhbEffdy2xy53dpR06SlzvhGByyg36qJw6Kpfk7cp45DR/62aPH9mtJRmIyrXAS5UWBrJT6TQ==

"@esbuild/linux-arm64@0.17.19":
  version "0.17.19"
  resolved "https://registry.npmjs.org/@esbuild/linux-arm64/-/linux-arm64-0.17.19.tgz#38e162ecb723862c6be1c27d6389f48960b68edb"
  integrity sha512-ct1Tg3WGwd3P+oZYqic+YZF4snNl2bsnMKRkb3ozHmnM0dGWuxcPTTntAF6bOP0Sp4x0PjSF+4uHQ1xvxfRKqg==

"@esbuild/linux-arm@0.17.19":
  version "0.17.19"
  resolved "https://registry.npmjs.org/@esbuild/linux-arm/-/linux-arm-0.17.19.tgz#1a2cd399c50040184a805174a6d89097d9d1559a"
  integrity sha512-cdmT3KxjlOQ/gZ2cjfrQOtmhG4HJs6hhvm3mWSRDPtZ/lP5oe8FWceS10JaSJC13GBd4eH/haHnqf7hhGNLerA==

"@esbuild/linux-ia32@0.17.19":
  version "0.17.19"
  resolved "https://registry.npmjs.org/@esbuild/linux-ia32/-/linux-ia32-0.17.19.tgz#e28c25266b036ce1cabca3c30155222841dc035a"
  integrity sha512-w4IRhSy1VbsNxHRQpeGCHEmibqdTUx61Vc38APcsRbuVgK0OPEnQ0YD39Brymn96mOx48Y2laBQGqgZ0j9w6SQ==

"@esbuild/linux-loong64@0.17.19":
  version "0.17.19"
  resolved "https://registry.npmjs.org/@esbuild/linux-loong64/-/linux-loong64-0.17.19.tgz#0f887b8bb3f90658d1a0117283e55dbd4c9dcf72"
  integrity sha512-2iAngUbBPMq439a+z//gE+9WBldoMp1s5GWsUSgqHLzLJ9WoZLZhpwWuym0u0u/4XmZ3gpHmzV84PonE+9IIdQ==

"@esbuild/linux-mips64el@0.17.19":
  version "0.17.19"
  resolved "https://registry.npmjs.org/@esbuild/linux-mips64el/-/linux-mips64el-0.17.19.tgz#f5d2a0b8047ea9a5d9f592a178ea054053a70289"
  integrity sha512-LKJltc4LVdMKHsrFe4MGNPp0hqDFA1Wpt3jE1gEyM3nKUvOiO//9PheZZHfYRfYl6AwdTH4aTcXSqBerX0ml4A==

"@esbuild/linux-ppc64@0.17.19":
  version "0.17.19"
  resolved "https://registry.npmjs.org/@esbuild/linux-ppc64/-/linux-ppc64-0.17.19.tgz#876590e3acbd9fa7f57a2c7d86f83717dbbac8c7"
  integrity sha512-/c/DGybs95WXNS8y3Ti/ytqETiW7EU44MEKuCAcpPto3YjQbyK3IQVKfF6nbghD7EcLUGl0NbiL5Rt5DMhn5tg==

"@esbuild/linux-riscv64@0.17.19":
  version "0.17.19"
  resolved "https://registry.npmjs.org/@esbuild/linux-riscv64/-/linux-riscv64-0.17.19.tgz#7f49373df463cd9f41dc34f9b2262d771688bf09"
  integrity sha512-FC3nUAWhvFoutlhAkgHf8f5HwFWUL6bYdvLc/TTuxKlvLi3+pPzdZiFKSWz/PF30TB1K19SuCxDTI5KcqASJqA==

"@esbuild/linux-s390x@0.17.19":
  version "0.17.19"
  resolved "https://registry.npmjs.org/@esbuild/linux-s390x/-/linux-s390x-0.17.19.tgz#e2afd1afcaf63afe2c7d9ceacd28ec57c77f8829"
  integrity sha512-IbFsFbxMWLuKEbH+7sTkKzL6NJmG2vRyy6K7JJo55w+8xDk7RElYn6xvXtDW8HCfoKBFK69f3pgBJSUSQPr+4Q==

"@esbuild/linux-x64@0.17.19":
  version "0.17.19"
  resolved "https://registry.npmjs.org/@esbuild/linux-x64/-/linux-x64-0.17.19.tgz#8a0e9738b1635f0c53389e515ae83826dec22aa4"
  integrity sha512-68ngA9lg2H6zkZcyp22tsVt38mlhWde8l3eJLWkyLrp4HwMUr3c1s/M2t7+kHIhvMjglIBrFpncX1SzMckomGw==

"@esbuild/netbsd-x64@0.17.19":
  version "0.17.19"
  resolved "https://registry.npmjs.org/@esbuild/netbsd-x64/-/netbsd-x64-0.17.19.tgz#c29fb2453c6b7ddef9a35e2c18b37bda1ae5c462"
  integrity sha512-CwFq42rXCR8TYIjIfpXCbRX0rp1jo6cPIUPSaWwzbVI4aOfX96OXY8M6KNmtPcg7QjYeDmN+DD0Wp3LaBOLf4Q==

"@esbuild/openbsd-x64@0.17.19":
  version "0.17.19"
  resolved "https://registry.npmjs.org/@esbuild/openbsd-x64/-/openbsd-x64-0.17.19.tgz#95e75a391403cb10297280d524d66ce04c920691"
  integrity sha512-cnq5brJYrSZ2CF6c35eCmviIN3k3RczmHz8eYaVlNasVqsNY+JKohZU5MKmaOI+KkllCdzOKKdPs762VCPC20g==

"@esbuild/sunos-x64@0.17.19":
  version "0.17.19"
  resolved "https://registry.npmjs.org/@esbuild/sunos-x64/-/sunos-x64-0.17.19.tgz#722eaf057b83c2575937d3ffe5aeb16540da7273"
  integrity sha512-vCRT7yP3zX+bKWFeP/zdS6SqdWB8OIpaRq/mbXQxTGHnIxspRtigpkUcDMlSCOejlHowLqII7K2JKevwyRP2rg==

"@esbuild/win32-arm64@0.17.19":
  version "0.17.19"
  resolved "https://registry.npmjs.org/@esbuild/win32-arm64/-/win32-arm64-0.17.19.tgz#9aa9dc074399288bdcdd283443e9aeb6b9552b6f"
  integrity sha512-yYx+8jwowUstVdorcMdNlzklLYhPxjniHWFKgRqH7IFlUEa0Umu3KuYplf1HUZZ422e3NU9F4LGb+4O0Kdcaag==

"@esbuild/win32-ia32@0.17.19":
  version "0.17.19"
  resolved "https://registry.npmjs.org/@esbuild/win32-ia32/-/win32-ia32-0.17.19.tgz#95ad43c62ad62485e210f6299c7b2571e48d2b03"
  integrity sha512-eggDKanJszUtCdlVs0RB+h35wNlb5v4TWEkq4vZcmVt5u/HiDZrTXe2bWFQUez3RgNHwx/x4sk5++4NSSicKkw==

"@esbuild/win32-x64@0.17.19":
  version "0.17.19"
  resolved "https://registry.npmjs.org/@esbuild/win32-x64/-/win32-x64-0.17.19.tgz#8cfaf2ff603e9aabb910e9c0558c26cf32744061"
  integrity sha512-lAhycmKnVOuRYNtRtatQR1LPQf2oYCkRGkSFnseDAKPl8lu5SOsK/e1sXe5a0Pc5kHIHe6P2I/ilntNv2xf3cA==

"@jridgewell/sourcemap-codec@^1.4.13":
  version "1.4.15"
  resolved "https://registry.npmjs.org/@jridgewell/sourcemap-codec/-/sourcemap-codec-1.4.15.tgz#d7c6e6755c78567a951e04ab52ef0fd26de59f32"
  integrity sha512-eF2rxCRulEKXHTRiDrDy6erMYWqNw4LPdQ8UQA4huuxaQsVeRPFl2oM8oDGxMFhJUWZf9McpLtJasDDZb/Bpeg==

"@types/web-bluetooth@^0.0.17":
  version "0.0.17"
  resolved "https://registry.npmjs.org/@types/web-bluetooth/-/web-bluetooth-0.0.17.tgz#5c9f3c617f64a9735d7b72a7cc671e166d900c40"
  integrity sha512-4p9vcSmxAayx72yn70joFoL44c9MO/0+iVEBIQXe3v2h2SiAsEIo/G5v6ObFWvNKRFjbrVadNf9LqEEZeQPzdA==

"@vitejs/plugin-vue@^4.2.1":
  version "4.2.3"
  resolved "https://registry.npmjs.org/@vitejs/plugin-vue/-/plugin-vue-4.2.3.tgz#ee0b6dfcc62fe65364e6395bf38fa2ba10bb44b6"
  integrity sha512-R6JDUfiZbJA9cMiguQ7jxALsgiprjBeHL5ikpXfJCH62pPHtI+JdJ5xWj6Ev73yXSlYl86+blXn1kZHQ7uElxw==

"@vue/compiler-core@3.2.45":
  version "3.2.45"
  resolved "https://registry.npmjs.org/@vue/compiler-core/-/compiler-core-3.2.45.tgz#d9311207d96f6ebd5f4660be129fb99f01ddb41b"
  integrity sha512-rcMj7H+PYe5wBV3iYeUgbCglC+pbpN8hBLTJvRiK2eKQiWqu+fG9F+8sW99JdL4LQi7Re178UOxn09puSXvn4A==
  dependencies:
    "@babel/parser" "^7.16.4"
    "@vue/shared" "3.2.45"
    estree-walker "^2.0.2"
    source-map "^0.6.1"

"@vue/compiler-core@3.3.2":
  version "3.3.2"
  resolved "https://registry.npmjs.org/@vue/compiler-core/-/compiler-core-3.3.2.tgz#39567bd15c7f97add97bfc4d44e814df36eb797b"
  integrity sha512-CKZWo1dzsQYTNTft7whzjL0HsrEpMfiK7pjZ2WFE3bC1NA7caUjWioHSK+49y/LK7Bsm4poJZzAMnvZMQ7OTeg==
  dependencies:
    "@babel/parser" "^7.21.3"
    "@vue/shared" "3.3.2"
    estree-walker "^2.0.2"
    source-map-js "^1.0.2"

"@vue/compiler-dom@3.2.45":
  version "3.2.45"
  resolved "https://registry.npmjs.org/@vue/compiler-dom/-/compiler-dom-3.2.45.tgz#c43cc15e50da62ecc16a42f2622d25dc5fd97dce"
  integrity sha512-tyYeUEuKqqZO137WrZkpwfPCdiiIeXYCcJ8L4gWz9vqaxzIQRccTSwSWZ/Axx5YR2z+LvpUbmPNXxuBU45lyRw==
  dependencies:
    "@vue/compiler-core" "3.2.45"
    "@vue/shared" "3.2.45"

"@vue/compiler-dom@3.3.2":
  version "3.3.2"
  resolved "https://registry.npmjs.org/@vue/compiler-dom/-/compiler-dom-3.3.2.tgz#2012ef4879375a4ca4ee68012a9256398b848af2"
  integrity sha512-6gS3auANuKXLw0XH6QxkWqyPYPunziS2xb6VRenM3JY7gVfZcJvkCBHkb5RuNY1FCbBO3lkIi0CdXUCW1c7SXw==
  dependencies:
    "@vue/compiler-core" "3.3.2"
    "@vue/shared" "3.3.2"

"@vue/compiler-sfc@3.2.45":
  version "3.2.45"
  resolved "https://registry.npmjs.org/@vue/compiler-sfc/-/compiler-sfc-3.2.45.tgz#7f7989cc04ec9e7c55acd406827a2c4e96872c70"
  integrity sha512-1jXDuWah1ggsnSAOGsec8cFjT/K6TMZ0sPL3o3d84Ft2AYZi2jWJgRMjw4iaK0rBfA89L5gw427H4n1RZQBu6Q==
  dependencies:
    "@babel/parser" "^7.16.4"
    "@vue/compiler-core" "3.2.45"
    "@vue/compiler-dom" "3.2.45"
    "@vue/compiler-ssr" "3.2.45"
    "@vue/reactivity-transform" "3.2.45"
    "@vue/shared" "3.2.45"
    estree-walker "^2.0.2"
    magic-string "^0.25.7"
    postcss "^8.1.10"
    source-map "^0.6.1"

"@vue/compiler-sfc@3.3.2":
  version "3.3.2"
  resolved "https://registry.npmjs.org/@vue/compiler-sfc/-/compiler-sfc-3.3.2.tgz#d6467acba8446655bcee7e751441232e5ddebcbf"
  integrity sha512-jG4jQy28H4BqzEKsQqqW65BZgmo3vzdLHTBjF+35RwtDdlFE+Fk1VWJYUnDMMqkFBo6Ye1ltSKVOMPgkzYj7SQ==
  dependencies:
    "@babel/parser" "^7.20.15"
    "@vue/compiler-core" "3.3.2"
    "@vue/compiler-dom" "3.3.2"
    "@vue/compiler-ssr" "3.3.2"
    "@vue/reactivity-transform" "3.3.2"
    "@vue/shared" "3.3.2"
    estree-walker "^2.0.2"
    magic-string "^0.30.0"
    postcss "^8.1.10"
    source-map-js "^1.0.2"

"@vue/compiler-ssr@3.2.45":
  version "3.2.45"
  resolved "https://registry.npmjs.org/@vue/compiler-ssr/-/compiler-ssr-3.2.45.tgz#bd20604b6e64ea15344d5b6278c4141191c983b2"
  integrity sha512-6BRaggEGqhWht3lt24CrIbQSRD5O07MTmd+LjAn5fJj568+R9eUD2F7wMQJjX859seSlrYog7sUtrZSd7feqrQ==
  dependencies:
    "@vue/compiler-dom" "3.2.45"
    "@vue/shared" "3.2.45"

"@vue/compiler-ssr@3.3.2":
  version "3.3.2"
  resolved "https://registry.npmjs.org/@vue/compiler-ssr/-/compiler-ssr-3.3.2.tgz#75ac4ccafa2d78c91d2e257ad243c86409493cc4"
  integrity sha512-K8OfY5FQtZaSOJHHe8xhEfIfLrefL/Y9frv4k4NsyQL3+0lRKxr9QuJhfdBDjkl7Fhz8CzKh63mULvmOfx3l2w==
  dependencies:
    "@vue/compiler-dom" "3.3.2"
    "@vue/shared" "3.3.2"

"@vue/devtools-api@^6.5.0":
  version "6.5.0"
  resolved "https://registry.npmjs.org/@vue/devtools-api/-/devtools-api-6.5.0.tgz#98b99425edee70b4c992692628fa1ea2c1e57d07"
  integrity sha512-o9KfBeaBmCKl10usN4crU53fYtC1r7jJwdGKjPT24t348rHxgfpZ0xL3Xm/gLUYnc0oTp8LAmrxOeLyu6tbk2Q==

"@vue/reactivity-transform@3.2.45":
  version "3.2.45"
  resolved "https://registry.npmjs.org/@vue/reactivity-transform/-/reactivity-transform-3.2.45.tgz#07ac83b8138550c83dfb50db43cde1e0e5e8124d"
  integrity sha512-BHVmzYAvM7vcU5WmuYqXpwaBHjsS8T63jlKGWVtHxAHIoMIlmaMyurUSEs1Zcg46M4AYT5MtB1U274/2aNzjJQ==
  dependencies:
    "@babel/parser" "^7.16.4"
    "@vue/compiler-core" "3.2.45"
    "@vue/shared" "3.2.45"
    estree-walker "^2.0.2"
    magic-string "^0.25.7"

"@vue/reactivity-transform@3.3.2":
  version "3.3.2"
  resolved "https://registry.npmjs.org/@vue/reactivity-transform/-/reactivity-transform-3.3.2.tgz#e1991d52d7ecefb65b214d8a3385a9dbe2cca74c"
  integrity sha512-iu2WaQvlJHdnONrsyv4ibIEnSsuKF+aHFngGj/y1lwpHQtalpVhKg9wsKMoiKXS9zPNjG9mNKzJS9vudvjzvyg==
  dependencies:
    "@babel/parser" "^7.20.15"
    "@vue/compiler-core" "3.3.2"
    "@vue/shared" "3.3.2"
    estree-walker "^2.0.2"
    magic-string "^0.30.0"

"@vue/reactivity@3.2.45":
  version "3.2.45"
  resolved "https://registry.npmjs.org/@vue/reactivity/-/reactivity-3.2.45.tgz#412a45b574de601be5a4a5d9a8cbd4dee4662ff0"
  integrity sha512-PRvhCcQcyEVohW0P8iQ7HDcIOXRjZfAsOds3N99X/Dzewy8TVhTCT4uXpAHfoKjVTJRA0O0K+6QNkDIZAxNi3A==
  dependencies:
    "@vue/shared" "3.2.45"

"@vue/reactivity@3.3.2":
  version "3.3.2"
  resolved "https://registry.npmjs.org/@vue/reactivity/-/reactivity-3.3.2.tgz#c4ddc5087039070c0c11810f6bc1aa59c99f0cb5"
  integrity sha512-yX8C4uTgg2Tdj+512EEMnMKbLveoITl7YdQX35AYgx8vBvQGszKiiCN46g4RY6/deeo/5DLbeUUGxCq1qWMf5g==
  dependencies:
    "@vue/shared" "3.3.2"

"@vue/runtime-core@3.2.45":
  version "3.2.45"
  resolved "https://registry.npmjs.org/@vue/runtime-core/-/runtime-core-3.2.45.tgz#7ad7ef9b2519d41062a30c6fa001ec43ac549c7f"
  integrity sha512-gzJiTA3f74cgARptqzYswmoQx0fIA+gGYBfokYVhF8YSXjWTUA2SngRzZRku2HbGbjzB6LBYSbKGIaK8IW+s0A==
  dependencies:
    "@vue/reactivity" "3.2.45"
    "@vue/shared" "3.2.45"

"@vue/runtime-core@3.3.2":
  version "3.3.2"
  resolved "https://registry.npmjs.org/@vue/runtime-core/-/runtime-core-3.3.2.tgz#7c89b30c44ad42a3256806a1e37c3cd18500d6d5"
  integrity sha512-qSl95qj0BvKfcsO+hICqFEoLhJn6++HtsPxmTkkadFbuhe3uQfJ8HmQwvEr7xbxBd2rcJB6XOJg7nWAn/ymC5A==
  dependencies:
    "@vue/reactivity" "3.3.2"
    "@vue/shared" "3.3.2"

"@vue/runtime-dom@3.2.45":
  version "3.2.45"
  resolved "https://registry.npmjs.org/@vue/runtime-dom/-/runtime-dom-3.2.45.tgz#1a2ef6ee2ad876206fbbe2a884554bba2d0faf59"
  integrity sha512-cy88YpfP5Ue2bDBbj75Cb4bIEZUMM/mAkDMfqDTpUYVgTf/kuQ2VQ8LebuZ8k6EudgH8pYhsGWHlY0lcxlvTwA==
  dependencies:
    "@vue/runtime-core" "3.2.45"
    "@vue/shared" "3.2.45"
    csstype "^2.6.8"

"@vue/runtime-dom@3.3.2":
  version "3.3.2"
  resolved "https://registry.npmjs.org/@vue/runtime-dom/-/runtime-dom-3.3.2.tgz#b0bf7ce3fa9c181049ce783a0e13480a4f350c4b"
  integrity sha512-+drStsJT+0mtgHdarT7cXZReCcTFfm6ptxMrz0kAW5hms6UNBd8Q1pi4JKlncAhu+Ld/TevsSp7pqAZxBBoGng==
  dependencies:
    "@vue/runtime-core" "3.3.2"
    "@vue/shared" "3.3.2"
    csstype "^3.1.1"

"@vue/server-renderer@3.2.45":
  version "3.2.45"
  resolved "https://registry.npmjs.org/@vue/server-renderer/-/server-renderer-3.2.45.tgz#ca9306a0c12b0530a1a250e44f4a0abac6b81f3f"
  integrity sha512-ebiMq7q24WBU1D6uhPK//2OTR1iRIyxjF5iVq/1a5I1SDMDyDu4Ts6fJaMnjrvD3MqnaiFkKQj+LKAgz5WIK3g==
  dependencies:
    "@vue/compiler-ssr" "3.2.45"
    "@vue/shared" "3.2.45"

"@vue/server-renderer@3.3.2":
  version "3.3.2"
  resolved "https://registry.npmjs.org/@vue/server-renderer/-/server-renderer-3.3.2.tgz#31dce9f76380762fc42df77f6f974c4098f179e6"
  integrity sha512-QCwh6OGwJg6GDLE0fbQhRTR6tnU+XDJ1iCsTYHXBiezCXAhqMygFRij7BiLF4ytvvHcg5kX9joX5R5vP85++wg==
  dependencies:
    "@vue/compiler-ssr" "3.3.2"
    "@vue/shared" "3.3.2"

"@vue/shared@3.2.45":
  version "3.2.45"
  resolved "https://registry.npmjs.org/@vue/shared/-/shared-3.2.45.tgz#a3fffa7489eafff38d984e23d0236e230c818bc2"
  integrity sha512-Ewzq5Yhimg7pSztDV+RH1UDKBzmtqieXQlpTVm2AwraoRL/Rks96mvd8Vgi7Lj+h+TH8dv7mXD3FRZR3TUvbSg==

"@vue/shared@3.3.2":
  version "3.3.2"
  resolved "https://registry.npmjs.org/@vue/shared/-/shared-3.3.2.tgz#774cd9b4635ce801b70a3fc3713779a5ef5d77c3"
  integrity sha512-0rFu3h8JbclbnvvKrs7Fe5FNGV9/5X2rPD7KmOzhLSUAiQH5//Hq437Gv0fR5Mev3u/nbtvmLl8XgwCU20/ZfQ==

"@vueuse/core@^10.1.0":
  version "10.1.2"
  resolved "https://registry.npmjs.org/@vueuse/core/-/core-10.1.2.tgz#2499eadec36c5d7109338e3a2b73725040ae8011"
  integrity sha512-roNn8WuerI56A5uiTyF/TEYX0Y+VKlhZAF94unUfdhbDUI+NfwQMn4FUnUscIRUhv3344qvAghopU4bzLPNFlA==
  dependencies:
    "@types/web-bluetooth" "^0.0.17"
    "@vueuse/metadata" "10.1.2"
    "@vueuse/shared" "10.1.2"
    vue-demi ">=0.14.0"

"@vueuse/metadata@10.1.2":
  version "10.1.2"
  resolved "https://registry.npmjs.org/@vueuse/metadata/-/metadata-10.1.2.tgz#d8ffe557b1042efd03a0aa88540a00c25d193ee3"
  integrity sha512-3mc5BqN9aU2SqBeBuWE7ne4OtXHoHKggNgxZR2K+zIW4YLsy6xoZ4/9vErQs6tvoKDX6QAqm3lvsrv0mczAwIQ==

"@vueuse/shared@10.1.2":
  version "10.1.2"
  resolved "https://registry.npmjs.org/@vueuse/shared/-/shared-10.1.2.tgz#31d8733a217a6396eb67706319133bf62cdd8baa"
  integrity sha512-1uoUTPBlgyscK9v6ScGeVYDDzlPSFXBlxuK7SfrDGyUTBiznb3mNceqhwvZHjtDRELZEN79V5uWPTF1VDV8svA==
  dependencies:
    vue-demi ">=0.14.0"

algoliasearch@^4.0.0:
  version "4.14.3"
  resolved "https://registry.npmjs.org/algoliasearch/-/algoliasearch-4.14.3.tgz#f02a77a4db17de2f676018938847494b692035e7"
  integrity sha512-GZTEuxzfWbP/vr7ZJfGzIl8fOsoxN916Z6FY2Egc9q2TmZ6hvq5KfAxY89pPW01oW/2HDEKA8d30f9iAH9eXYg==
  dependencies:
    "@algolia/cache-browser-local-storage" "4.14.3"
    "@algolia/cache-common" "4.14.3"
    "@algolia/cache-in-memory" "4.14.3"
    "@algolia/client-account" "4.14.3"
    "@algolia/client-analytics" "4.14.3"
    "@algolia/client-common" "4.14.3"
    "@algolia/client-personalization" "4.14.3"
    "@algolia/client-search" "4.14.3"
    "@algolia/logger-common" "4.14.3"
    "@algolia/logger-console" "4.14.3"
    "@algolia/requester-browser-xhr" "4.14.3"
    "@algolia/requester-common" "4.14.3"
    "@algolia/requester-node-http" "4.14.3"
    "@algolia/transporter" "4.14.3"

ansi-sequence-parser@^1.1.0:
  version "1.1.0"
  resolved "https://registry.npmjs.org/ansi-sequence-parser/-/ansi-sequence-parser-1.1.0.tgz#4d790f31236ac20366b23b3916b789e1bde39aed"
  integrity sha512-lEm8mt52to2fT8GhciPCGeCXACSz2UwIN4X2e2LJSnZ5uAbn2/dsYdOmUXq0AtWS5cpAupysIneExOgH0Vd2TQ==

body-scroll-lock@4.0.0-beta.0:
  version "4.0.0-beta.0"
  resolved "https://registry.npmjs.org/body-scroll-lock/-/body-scroll-lock-4.0.0-beta.0.tgz#4f78789d10e6388115c0460cd6d7d4dd2bbc4f7e"
  integrity sha512-a7tP5+0Mw3YlUJcGAKUqIBkYYGlYxk2fnCasq/FUph1hadxlTRjF+gAcZksxANnaMnALjxEddmSi/H3OR8ugcQ==

csstype@^2.6.8:
  version "2.6.21"
  resolved "https://registry.npmjs.org/csstype/-/csstype-2.6.21.tgz#2efb85b7cc55c80017c66a5ad7cbd931fda3a90e"
  integrity sha512-Z1PhmomIfypOpoMjRQB70jfvy/wxT50qW08YXO5lMIJkrdq4yOTR+AW7FqutScmB9NkLwxo+jU+kZLbofZZq/w==

csstype@^3.1.1:
  version "3.1.2"
  resolved "https://registry.npmjs.org/csstype/-/csstype-3.1.2.tgz#1d4bf9d572f11c14031f0436e1c10bc1f571f50b"
  integrity sha512-I7K1Uu0MBPzaFKg4nI5Q7Vs2t+3gWWW648spaF+Rg7pI9ds18Ugn+lvg4SHczUdKlHI5LWBXyqfS8+DufyBsgQ==

esbuild@^0.17.5:
  version "0.17.19"
  resolved "https://registry.npmjs.org/esbuild/-/esbuild-0.17.19.tgz#087a727e98299f0462a3d0bcdd9cd7ff100bd955"
  integrity sha512-XQ0jAPFkK/u3LcVRcvVHQcTIqD6E2H1fvZMA5dQPSOWb3suUbWbfbRf94pjc0bNzRYLfIrDRQXr7X+LHIm5oHw==
  optionalDependencies:
    "@esbuild/android-arm" "0.17.19"
    "@esbuild/android-arm64" "0.17.19"
    "@esbuild/android-x64" "0.17.19"
    "@esbuild/darwin-arm64" "0.17.19"
    "@esbuild/darwin-x64" "0.17.19"
    "@esbuild/freebsd-arm64" "0.17.19"
    "@esbuild/freebsd-x64" "0.17.19"
    "@esbuild/linux-arm" "0.17.19"
    "@esbuild/linux-arm64" "0.17.19"
    "@esbuild/linux-ia32" "0.17.19"
    "@esbuild/linux-loong64" "0.17.19"
    "@esbuild/linux-mips64el" "0.17.19"
    "@esbuild/linux-ppc64" "0.17.19"
    "@esbuild/linux-riscv64" "0.17.19"
    "@esbuild/linux-s390x" "0.17.19"
    "@esbuild/linux-x64" "0.17.19"
    "@esbuild/netbsd-x64" "0.17.19"
    "@esbuild/openbsd-x64" "0.17.19"
    "@esbuild/sunos-x64" "0.17.19"
    "@esbuild/win32-arm64" "0.17.19"
    "@esbuild/win32-ia32" "0.17.19"
    "@esbuild/win32-x64" "0.17.19"

estree-walker@^2.0.2:
  version "2.0.2"
  resolved "https://registry.npmjs.org/estree-walker/-/estree-walker-2.0.2.tgz#52f010178c2a4c117a7757cfe942adb7d2da4cac"
  integrity sha512-Rfkk/Mp/DL7JVje3u18FxFujQlTNR2q6QfMSMB7AvCBx91NGj/ba3kCfza0f6dVDbw7YlRf/nDrn7pQrCCyQ/w==

fsevents@~2.3.2:
  version "2.3.2"
  resolved "https://registry.npmjs.org/fsevents/-/fsevents-2.3.2.tgz#8a526f78b8fdf4623b709e0b975c52c24c02fd1a"
  integrity sha512-xiqMQR4xAeHTuB9uWm+fFRcIOgKBMiOBP+eXiyT7jsgVCq1bkVygt00oASowB7EdtpOHaaPgKt812P9ab+DDKA==

jsonc-parser@^3.2.0:
  version "3.2.0"
  resolved "https://registry.npmjs.org/jsonc-parser/-/jsonc-parser-3.2.0.tgz#31ff3f4c2b9793f89c67212627c51c6394f88e76"
  integrity sha512-gfFQZrcTc8CnKXp6Y4/CBT3fTc0OVuDofpre4aEeEpSBPV5X5v4+Vmx+8snU7RLPrNHPKSgLxGo9YuQzz20o+w==

magic-string@^0.25.7:
  version "0.25.9"
  resolved "https://registry.npmjs.org/magic-string/-/magic-string-0.25.9.tgz#de7f9faf91ef8a1c91d02c2e5314c8277dbcdd1c"
  integrity sha512-RmF0AsMzgt25qzqqLc1+MbHmhdx0ojF2Fvs4XnOqz2ZOBXzzkEwc/dJQZCYHAn7v1jbVOjAZfK8msRn4BxO4VQ==
  dependencies:
    sourcemap-codec "^1.4.8"

magic-string@^0.30.0:
  version "0.30.0"
  resolved "https://registry.npmjs.org/magic-string/-/magic-string-0.30.0.tgz#fd58a4748c5c4547338a424e90fa5dd17f4de529"
  integrity sha512-LA+31JYDJLs82r2ScLrlz1GjSgu66ZV518eyWT+S8VhyQn/JL0u9MeBOvQMGYiPk1DBiSN9DDMOcXvigJZaViQ==
  dependencies:
    "@jridgewell/sourcemap-codec" "^1.4.13"

mark.js@8.11.1:
  version "8.11.1"
  resolved "https://registry.npmjs.org/mark.js/-/mark.js-8.11.1.tgz#180f1f9ebef8b0e638e4166ad52db879beb2ffc5"
  integrity sha512-1I+1qpDt4idfgLQG+BNWmrqku+7/2bi5nLf4YwF8y8zXvmfiTBY3PV3ZibfrjBueCByROpuBjLLFCajqkgYoLQ==

minisearch@^6.0.1:
  version "6.1.0"
  resolved "https://registry.npmjs.org/minisearch/-/minisearch-6.1.0.tgz#6e74e743dbd0e88fa5ca52fef2391e0aa7055252"
  integrity sha512-PNxA/X8pWk+TiqPbsoIYH0GQ5Di7m6326/lwU/S4mlo4wGQddIcf/V//1f9TB0V4j59b57b+HZxt8h3iMROGvg==

nanoid@^3.3.4:
  version "3.3.4"
  resolved "https://registry.npmjs.org/nanoid/-/nanoid-3.3.4.tgz#730b67e3cd09e2deacf03c027c81c9d9dbc5e8ab"
  integrity sha512-MqBkQh/OHTS2egovRtLk45wEyNXwF+cokD+1YPf9u5VfJiRdAiRwB2froX5Co9Rh20xs4siNPm8naNotSD6RBw==

nanoid@^3.3.6:
  version "3.3.6"
  resolved "https://registry.npmjs.org/nanoid/-/nanoid-3.3.6.tgz#443380c856d6e9f9824267d960b4236ad583ea4c"
  integrity sha512-BGcqMMJuToF7i1rt+2PWSNVnWIkGCU78jBG3RxO/bZlnZPK2Cmi2QaffxGO/2RvWi9sL+FAiRiXMgsyxQ1DIDA==

picocolors@^1.0.0:
  version "1.0.0"
  resolved "https://registry.npmjs.org/picocolors/-/picocolors-1.0.0.tgz#cb5bdc74ff3f51892236eaf79d68bc44564ab81c"
  integrity sha512-1fygroTLlHu66zi26VoTDv8yRgm0Fccecssto+MhsZ0D/DGW2sm8E8AjW7NU5VVTRt5GxbeZ5qBuJr+HyLYkjQ==

postcss@^8.1.10:
  version "8.4.20"
  resolved "https://registry.npmjs.org/postcss/-/postcss-8.4.20.tgz#64c52f509644cecad8567e949f4081d98349dc56"
  integrity sha512-6Q04AXR1212bXr5fh03u8aAwbLxAQNGQ/Q1LNa0VfOI06ZAlhPHtQvE4OIdpj4kLThXilalPnmDSOD65DcHt+g==
  dependencies:
    nanoid "^3.3.4"
    picocolors "^1.0.0"
    source-map-js "^1.0.2"

postcss@^8.4.23:
  version "8.4.23"
  resolved "https://registry.npmjs.org/postcss/-/postcss-8.4.23.tgz#df0aee9ac7c5e53e1075c24a3613496f9e6552ab"
  integrity sha512-bQ3qMcpF6A/YjR55xtoTr0jGOlnPOKAIMdOWiv0EIT6HVPEaJiJB4NLljSbiHoC2RX7DN5Uvjtpbg1NPdwv1oA==
  dependencies:
    nanoid "^3.3.6"
    picocolors "^1.0.0"
    source-map-js "^1.0.2"

preact@^10.0.0:
  version "10.11.3"
  resolved "https://registry.npmjs.org/preact/-/preact-10.11.3.tgz#8a7e4ba19d3992c488b0785afcc0f8aa13c78d19"
  integrity sha512-eY93IVpod/zG3uMF22Unl8h9KkrcKIRs2EGar8hwLZZDU1lkjph303V9HZBwufh2s736U6VXuhD109LYqPoffg==

rollup@^3.21.0:
  version "3.21.8"
  resolved "https://registry.npmjs.org/rollup/-/rollup-3.21.8.tgz#fc768008fe2c953f18210370fd70fe1ffff59e2c"
  integrity sha512-SSFV2T2fWtQ/vvBip85u2Nr0GNKireabH9d7nXswBg+XSH+jbVDSYptRAEbCEsquhs503rpPA9POYAp0/Jhasw==
  optionalDependencies:
    fsevents "~2.3.2"

shiki@^0.14.2:
  version "0.14.2"
  resolved "https://registry.npmjs.org/shiki/-/shiki-0.14.2.tgz#d51440800b701392b31ce2336036058e338247a1"
  integrity sha512-ltSZlSLOuSY0M0Y75KA+ieRaZ0Trf5Wl3gutE7jzLuIcWxLp5i/uEnLoQWNvgKXQ5OMpGkJnVMRLAuzjc0LJ2A==
  dependencies:
    ansi-sequence-parser "^1.1.0"
    jsonc-parser "^3.2.0"
    vscode-oniguruma "^1.7.0"
    vscode-textmate "^8.0.0"

source-map-js@^1.0.2:
  version "1.0.2"
  resolved "https://registry.npmjs.org/source-map-js/-/source-map-js-1.0.2.tgz#adbc361d9c62df380125e7f161f71c826f1e490c"
  integrity sha512-R0XvVJ9WusLiqTCEiGCmICCMplcCkIwwR11mOSD9CR5u+IXYdiseeEuXCVAjS54zqwkLcPNnmU4OeJ6tUrWhDw==

source-map@^0.6.1:
  version "0.6.1"
  resolved "https://registry.npmjs.org/source-map/-/source-map-0.6.1.tgz#74722af32e9614e9c287a8d0bbde48b5e2f1a263"
  integrity sha512-UjgapumWlbMhkBgzT7Ykc5YXUT46F0iKu8SGXq0bcwP5dz/h0Plj6enJqjz1Zbq2l5WaqYnrVbwWOWMyF3F47g==

sourcemap-codec@^1.4.8:
  version "1.4.8"
  resolved "https://registry.npmjs.org/sourcemap-codec/-/sourcemap-codec-1.4.8.tgz#ea804bd94857402e6992d05a38ef1ae35a9ab4c4"
  integrity sha512-9NykojV5Uih4lgo5So5dtw+f0JgJX30KCNI8gwhz2J9A15wD0Ml6tjHKwf6fTSa6fAdVBdZeNOs9eJ71qCk8vA==

vite@^4.3.3:
  version "4.3.6"
  resolved "https://registry.npmjs.org/vite/-/vite-4.3.6.tgz#d129487dd9edf10ec79314e2e7891c60a2f86051"
  integrity sha512-cqIyLSbA6gornMS659AXTVKF7cvSHMdKmJJwQ9DXq3lwsT1uZSdktuBRlpHQ8VnOWx0QHtjDwxPpGtyo9Fh/Qg==
  dependencies:
    esbuild "^0.17.5"
    postcss "^8.4.23"
    rollup "^3.21.0"
  optionalDependencies:
    fsevents "~2.3.2"

vitepress@^1.0.0-alpha.75:
  version "1.0.0-alpha.75"
  resolved "https://registry.npmjs.org/vitepress/-/vitepress-1.0.0-alpha.75.tgz#fbd03ef80b3877d41d0abd369560b7ea1124c017"
  integrity sha512-twpPZ/6UnDR8X0Nmj767KwKhXlTQQM9V/J1i2BP9ryO29/w4hpxBfEum6nvfpNhJ4H3h+cIhwzAK/e9crZ6HEQ==
  dependencies:
    "@docsearch/css" "^3.3.4"
    "@docsearch/js" "^3.3.4"
    "@vitejs/plugin-vue" "^4.2.1"
    "@vue/devtools-api" "^6.5.0"
    "@vueuse/core" "^10.1.0"
    body-scroll-lock "4.0.0-beta.0"
    mark.js "8.11.1"
    minisearch "^6.0.1"
    shiki "^0.14.2"
    vite "^4.3.3"
    vue "^3.2.47"

vscode-oniguruma@^1.7.0:
  version "1.7.0"
  resolved "https://registry.npmjs.org/vscode-oniguruma/-/vscode-oniguruma-1.7.0.tgz#439bfad8fe71abd7798338d1cd3dc53a8beea94b"
  integrity sha512-L9WMGRfrjOhgHSdOYgCt/yRMsXzLDJSL7BPrOZt73gU0iWO4mpqzqQzOz5srxqTvMBaR0XZTSrVWo4j55Rc6cA==

vscode-textmate@^8.0.0:
  version "8.0.0"
  resolved "https://registry.npmjs.org/vscode-textmate/-/vscode-textmate-8.0.0.tgz#2c7a3b1163ef0441097e0b5d6389cd5504b59e5d"
  integrity sha512-AFbieoL7a5LMqcnOF04ji+rpXadgOXnZsxQr//r83kLPr7biP7am3g9zbaZIaBGwBRWeSvoMD4mgPdX3e4NWBg==

vue-demi@>=0.14.0:
  version "0.14.1"
  resolved "https://registry.npmjs.org/vue-demi/-/vue-demi-0.14.1.tgz#1ed9af03a27642762bfed83d8750805302d0398d"
  integrity sha512-rt+yuCtXvscYot9SQQj3WKZJVSriPNqVkpVBNEHPzSgBv7QIYzsS410VqVgvx8f9AAPgjg+XPKvmV3vOqqkJQQ==

vue@^3.2.45:
  version "3.2.45"
  resolved "https://registry.npmjs.org/vue/-/vue-3.2.45.tgz#94a116784447eb7dbd892167784619fef379b3c8"
  integrity sha512-9Nx/Mg2b2xWlXykmCwiTUCWHbWIj53bnkizBxKai1g61f2Xit700A1ljowpTIM11e3uipOeiPcSqnmBg6gyiaA==
  dependencies:
    "@vue/compiler-dom" "3.2.45"
    "@vue/compiler-sfc" "3.2.45"
    "@vue/runtime-dom" "3.2.45"
    "@vue/server-renderer" "3.2.45"
    "@vue/shared" "3.2.45"

vue@^3.2.47:
  version "3.3.2"
  resolved "https://registry.npmjs.org/vue/-/vue-3.3.2.tgz#407f0057a7a154d836b66f94ce81779d0c2cafbc"
  integrity sha512-98hJcAhyDwZoOo2flAQBSPVYG/o0HA9ivIy2ktHshjE+6/q8IMQ+kvDKQzOZTFPxvnNMcGM+zS2A00xeZMA7tA==
  dependencies:
    "@vue/compiler-dom" "3.3.2"
    "@vue/compiler-sfc" "3.3.2"
    "@vue/runtime-dom" "3.3.2"
    "@vue/server-renderer" "3.3.2"
    "@vue/shared" "3.3.2"
