# THIS IS AN AUTOGENERATED FILE. DO NOT EDIT THIS FILE DIRECTLY.
# yarn lockfile v1


"@algolia/autocomplete-core@1.9.3":
  version "1.9.3"
  resolved "https://registry.yarnpkg.com/@algolia/autocomplete-core/-/autocomplete-core-1.9.3.tgz#1d56482a768c33aae0868c8533049e02e8961be7"
  integrity sha512-009HdfugtGCdC4JdXUbVJClA0q0zh24yyePn+KUGk3rP7j8FEe/m5Yo/z65gn6nP/cM39PxpzqKrL7A6fP6PPw==
  dependencies:
    "@algolia/autocomplete-plugin-algolia-insights" "1.9.3"
    "@algolia/autocomplete-shared" "1.9.3"

"@algolia/autocomplete-plugin-algolia-insights@1.9.3":
  version "1.9.3"
  resolved "https://registry.yarnpkg.com/@algolia/autocomplete-plugin-algolia-insights/-/autocomplete-plugin-algolia-insights-1.9.3.tgz#9b7f8641052c8ead6d66c1623d444cbe19dde587"
  integrity sha512-a/yTUkcO/Vyy+JffmAnTWbr4/90cLzw+CC3bRbhnULr/EM0fGNvM13oQQ14f2moLMcVDyAx/leczLlAOovhSZg==
  dependencies:
    "@algolia/autocomplete-shared" "1.9.3"

"@algolia/autocomplete-preset-algolia@1.9.3":
  version "1.9.3"
  resolved "https://registry.yarnpkg.com/@algolia/autocomplete-preset-algolia/-/autocomplete-preset-algolia-1.9.3.tgz#64cca4a4304cfcad2cf730e83067e0c1b2f485da"
  integrity sha512-d4qlt6YmrLMYy95n5TB52wtNDr6EgAIPH81dvvvW8UmuWRgxEtY0NJiPwl/h95JtG2vmRM804M0DSwMCNZlzRA==
  dependencies:
    "@algolia/autocomplete-shared" "1.9.3"

"@algolia/autocomplete-shared@1.9.3":
  version "1.9.3"
  resolved "https://registry.yarnpkg.com/@algolia/autocomplete-shared/-/autocomplete-shared-1.9.3.tgz#2e22e830d36f0a9cf2c0ccd3c7f6d59435b77dfa"
  integrity sha512-Wnm9E4Ye6Rl6sTTqjoymD+l8DjSTHsHboVRYrKgEt8Q7UHm9nYbqhN/i0fhUYA3OAEH7WA8x3jfpnmJm3rKvaQ==

"@algolia/cache-browser-local-storage@4.24.0":
  version "4.24.0"
  resolved "https://registry.yarnpkg.com/@algolia/cache-browser-local-storage/-/cache-browser-local-storage-4.24.0.tgz#97bc6d067a9fd932b9c922faa6b7fd6e546e1348"
  integrity sha512-t63W9BnoXVrGy9iYHBgObNXqYXM3tYXCjDSHeNwnsc324r4o5UiVKUiAB4THQ5z9U5hTj6qUvwg/Ez43ZD85ww==
  dependencies:
    "@algolia/cache-common" "4.24.0"

"@algolia/cache-common@4.24.0":
  version "4.24.0"
  resolved "https://registry.yarnpkg.com/@algolia/cache-common/-/cache-common-4.24.0.tgz#81a8d3a82ceb75302abb9b150a52eba9960c9744"
  integrity sha512-emi+v+DmVLpMGhp0V9q9h5CdkURsNmFC+cOS6uK9ndeJm9J4TiqSvPYVu+THUP8P/S08rxf5x2P+p3CfID0Y4g==

"@algolia/cache-in-memory@4.24.0":
  version "4.24.0"
  resolved "https://registry.yarnpkg.com/@algolia/cache-in-memory/-/cache-in-memory-4.24.0.tgz#ffcf8872f3a10cb85c4f4641bdffd307933a6e44"
  integrity sha512-gDrt2so19jW26jY3/MkFg5mEypFIPbPoXsQGQWAi6TrCPsNOSEYepBMPlucqWigsmEy/prp5ug2jy/N3PVG/8w==
  dependencies:
    "@algolia/cache-common" "4.24.0"

"@algolia/client-account@4.24.0":
  version "4.24.0"
  resolved "https://registry.yarnpkg.com/@algolia/client-account/-/client-account-4.24.0.tgz#eba7a921d828e7c8c40a32d4add21206c7fe12f1"
  integrity sha512-adcvyJ3KjPZFDybxlqnf+5KgxJtBjwTPTeyG2aOyoJvx0Y8dUQAEOEVOJ/GBxX0WWNbmaSrhDURMhc+QeevDsA==
  dependencies:
    "@algolia/client-common" "4.24.0"
    "@algolia/client-search" "4.24.0"
    "@algolia/transporter" "4.24.0"

"@algolia/client-analytics@4.24.0":
  version "4.24.0"
  resolved "https://registry.yarnpkg.com/@algolia/client-analytics/-/client-analytics-4.24.0.tgz#9d2576c46a9093a14e668833c505ea697a1a3e30"
  integrity sha512-y8jOZt1OjwWU4N2qr8G4AxXAzaa8DBvyHTWlHzX/7Me1LX8OayfgHexqrsL4vSBcoMmVw2XnVW9MhL+Y2ZDJXg==
  dependencies:
    "@algolia/client-common" "4.24.0"
    "@algolia/client-search" "4.24.0"
    "@algolia/requester-common" "4.24.0"
    "@algolia/transporter" "4.24.0"

"@algolia/client-common@4.24.0":
  version "4.24.0"
  resolved "https://registry.yarnpkg.com/@algolia/client-common/-/client-common-4.24.0.tgz#77c46eee42b9444a1d1c1583a83f7df4398a649d"
  integrity sha512-bc2ROsNL6w6rqpl5jj/UywlIYC21TwSSoFHKl01lYirGMW+9Eek6r02Tocg4gZ8HAw3iBvu6XQiM3BEbmEMoiA==
  dependencies:
    "@algolia/requester-common" "4.24.0"
    "@algolia/transporter" "4.24.0"

"@algolia/client-personalization@4.24.0":
  version "4.24.0"
  resolved "https://registry.yarnpkg.com/@algolia/client-personalization/-/client-personalization-4.24.0.tgz#8b47789fb1cb0f8efbea0f79295b7c5a3850f6ae"
  integrity sha512-l5FRFm/yngztweU0HdUzz1rC4yoWCFo3IF+dVIVTfEPg906eZg5BOd1k0K6rZx5JzyyoP4LdmOikfkfGsKVE9w==
  dependencies:
    "@algolia/client-common" "4.24.0"
    "@algolia/requester-common" "4.24.0"
    "@algolia/transporter" "4.24.0"

"@algolia/client-search@4.24.0":
  version "4.24.0"
  resolved "https://registry.yarnpkg.com/@algolia/client-search/-/client-search-4.24.0.tgz#75e6c02d33ef3e0f34afd9962c085b856fc4a55f"
  integrity sha512-uRW6EpNapmLAD0mW47OXqTP8eiIx5F6qN9/x/7HHO6owL3N1IXqydGwW5nhDFBrV+ldouro2W1VX3XlcUXEFCA==
  dependencies:
    "@algolia/client-common" "4.24.0"
    "@algolia/requester-common" "4.24.0"
    "@algolia/transporter" "4.24.0"

"@algolia/logger-common@4.24.0":
  version "4.24.0"
  resolved "https://registry.yarnpkg.com/@algolia/logger-common/-/logger-common-4.24.0.tgz#28d439976019ec0a46ba7a1a739ef493d4ef8123"
  integrity sha512-LLUNjkahj9KtKYrQhFKCzMx0BY3RnNP4FEtO+sBybCjJ73E8jNdaKJ/Dd8A/VA4imVHP5tADZ8pn5B8Ga/wTMA==

"@algolia/logger-console@4.24.0":
  version "4.24.0"
  resolved "https://registry.yarnpkg.com/@algolia/logger-console/-/logger-console-4.24.0.tgz#c6ff486036cd90b81d07a95aaba04461da7e1c65"
  integrity sha512-X4C8IoHgHfiUROfoRCV+lzSy+LHMgkoEEU1BbKcsfnV0i0S20zyy0NLww9dwVHUWNfPPxdMU+/wKmLGYf96yTg==
  dependencies:
    "@algolia/logger-common" "4.24.0"

"@algolia/recommend@4.24.0":
  version "4.24.0"
  resolved "https://registry.yarnpkg.com/@algolia/recommend/-/recommend-4.24.0.tgz#8a3f78aea471ee0a4836b78fd2aad4e9abcaaf34"
  integrity sha512-P9kcgerfVBpfYHDfVZDvvdJv0lEoCvzNlOy2nykyt5bK8TyieYyiD0lguIJdRZZYGre03WIAFf14pgE+V+IBlw==
  dependencies:
    "@algolia/cache-browser-local-storage" "4.24.0"
    "@algolia/cache-common" "4.24.0"
    "@algolia/cache-in-memory" "4.24.0"
    "@algolia/client-common" "4.24.0"
    "@algolia/client-search" "4.24.0"
    "@algolia/logger-common" "4.24.0"
    "@algolia/logger-console" "4.24.0"
    "@algolia/requester-browser-xhr" "4.24.0"
    "@algolia/requester-common" "4.24.0"
    "@algolia/requester-node-http" "4.24.0"
    "@algolia/transporter" "4.24.0"

"@algolia/requester-browser-xhr@4.24.0":
  version "4.24.0"
  resolved "https://registry.yarnpkg.com/@algolia/requester-browser-xhr/-/requester-browser-xhr-4.24.0.tgz#313c5edab4ed73a052e75803855833b62dd19c16"
  integrity sha512-Z2NxZMb6+nVXSjF13YpjYTdvV3032YTBSGm2vnYvYPA6mMxzM3v5rsCiSspndn9rzIW4Qp1lPHBvuoKJV6jnAA==
  dependencies:
    "@algolia/requester-common" "4.24.0"

"@algolia/requester-common@4.24.0":
  version "4.24.0"
  resolved "https://registry.yarnpkg.com/@algolia/requester-common/-/requester-common-4.24.0.tgz#1c60c198031f48fcdb9e34c4057a3ea987b9a436"
  integrity sha512-k3CXJ2OVnvgE3HMwcojpvY6d9kgKMPRxs/kVohrwF5WMr2fnqojnycZkxPoEg+bXm8fi5BBfFmOqgYztRtHsQA==

"@algolia/requester-node-http@4.24.0":
  version "4.24.0"
  resolved "https://registry.yarnpkg.com/@algolia/requester-node-http/-/requester-node-http-4.24.0.tgz#4461593714031d02aa7da221c49df675212f482f"
  integrity sha512-JF18yTjNOVYvU/L3UosRcvbPMGT9B+/GQWNWnenIImglzNVGpyzChkXLnrSf6uxwVNO6ESGu6oN8MqcGQcjQJw==
  dependencies:
    "@algolia/requester-common" "4.24.0"

"@algolia/transporter@4.24.0":
  version "4.24.0"
  resolved "https://registry.yarnpkg.com/@algolia/transporter/-/transporter-4.24.0.tgz#226bb1f8af62430374c1972b2e5c8580ab275102"
  integrity sha512-86nI7w6NzWxd1Zp9q3413dRshDqAzSbsQjhcDhPIatEFiZrL1/TjnHL8S7jVKFePlIMzDsZWXAXwXzcok9c5oA==
  dependencies:
    "@algolia/cache-common" "4.24.0"
    "@algolia/logger-common" "4.24.0"
    "@algolia/requester-common" "4.24.0"

"@babel/helper-string-parser@^7.24.8":
  version "7.24.8"
  resolved "https://registry.yarnpkg.com/@babel/helper-string-parser/-/helper-string-parser-7.24.8.tgz#5b3329c9a58803d5df425e5785865881a81ca48d"
  integrity sha512-pO9KhhRcuUyGnJWwyEgnRJTSIZHiT+vMD0kPeD+so0l7mxkMT19g3pjY9GTnHySck/hDzq+dtW/4VgnMkippsQ==

"@babel/helper-validator-identifier@^7.24.7":
  version "7.24.7"
  resolved "https://registry.yarnpkg.com/@babel/helper-validator-identifier/-/helper-validator-identifier-7.24.7.tgz#75b889cfaf9e35c2aaf42cf0d72c8e91719251db"
  integrity sha512-rR+PBcQ1SMQDDyF6X0wxtG8QyLCgUB0eRAGguqRLfkCA87l7yAP7ehq8SNj96OOGTO8OBV70KhuFYcIkHXOg0w==

"@babel/parser@^7.24.7":
  version "7.25.4"
  resolved "https://registry.yarnpkg.com/@babel/parser/-/parser-7.25.4.tgz#af4f2df7d02440286b7de57b1c21acfb2a6f257a"
  integrity sha512-nq+eWrOgdtu3jG5Os4TQP3x3cLA8hR8TvJNjD8vnPa20WGycimcparWnLK4jJhElTK6SDyuJo1weMKO/5LpmLA==
  dependencies:
    "@babel/types" "^7.25.4"

"@babel/types@^7.25.4":
  version "7.25.4"
  resolved "https://registry.yarnpkg.com/@babel/types/-/types-7.25.4.tgz#6bcb46c72fdf1012a209d016c07f769e10adcb5f"
  integrity sha512-zQ1ijeeCXVEh+aNL0RlmkPkG8HUiDcU2pzQQFjtbntgAczRASFzj4H+6+bV+dy1ntKR14I/DypeuRG1uma98iQ==
  dependencies:
    "@babel/helper-string-parser" "^7.24.8"
    "@babel/helper-validator-identifier" "^7.24.7"
    to-fast-properties "^2.0.0"

"@docsearch/css@3.6.1", "@docsearch/css@^3.6.1":
  version "3.6.1"
  resolved "https://registry.yarnpkg.com/@docsearch/css/-/css-3.6.1.tgz#f0a728ecb486c81f2d282650fc1820c914913408"
  integrity sha512-VtVb5DS+0hRIprU2CO6ZQjK2Zg4QU5HrDM1+ix6rT0umsYvFvatMAnf97NHZlVWDaaLlx7GRfR/7FikANiM2Fg==

"@docsearch/js@^3.6.1":
  version "3.6.1"
  resolved "https://registry.yarnpkg.com/@docsearch/js/-/js-3.6.1.tgz#aaf6c6427371a53c1cd46b2ed08b9c353e5cd02d"
  integrity sha512-erI3RRZurDr1xES5hvYJ3Imp7jtrXj6f1xYIzDzxiS7nNBufYWPbJwrmMqWC5g9y165PmxEmN9pklGCdLi0Iqg==
  dependencies:
    "@docsearch/react" "3.6.1"
    preact "^10.0.0"

"@docsearch/react@3.6.1":
  version "3.6.1"
  resolved "https://registry.yarnpkg.com/@docsearch/react/-/react-3.6.1.tgz#0f826df08693293806d64277d6d9c38636211b97"
  integrity sha512-qXZkEPvybVhSXj0K7U3bXc233tk5e8PfhoZ6MhPOiik/qUQxYC+Dn9DnoS7CxHQQhHfCvTiN0eY9M12oRghEXw==
  dependencies:
    "@algolia/autocomplete-core" "1.9.3"
    "@algolia/autocomplete-preset-algolia" "1.9.3"
    "@docsearch/css" "3.6.1"
    algoliasearch "^4.19.1"

"@esbuild/aix-ppc64@0.21.5":
  version "0.21.5"
  resolved "https://registry.yarnpkg.com/@esbuild/aix-ppc64/-/aix-ppc64-0.21.5.tgz#c7184a326533fcdf1b8ee0733e21c713b975575f"
  integrity sha512-1SDgH6ZSPTlggy1yI6+Dbkiz8xzpHJEVAlF/AM1tHPLsf5STom9rwtjE4hKAF20FfXXNTFqEYXyJNWh1GiZedQ==

"@esbuild/android-arm64@0.21.5":
  version "0.21.5"
  resolved "https://registry.yarnpkg.com/@esbuild/android-arm64/-/android-arm64-0.21.5.tgz#09d9b4357780da9ea3a7dfb833a1f1ff439b4052"
  integrity sha512-c0uX9VAUBQ7dTDCjq+wdyGLowMdtR/GoC2U5IYk/7D1H1JYC0qseD7+11iMP2mRLN9RcCMRcjC4YMclCzGwS/A==

"@esbuild/android-arm@0.21.5":
  version "0.21.5"
  resolved "https://registry.yarnpkg.com/@esbuild/android-arm/-/android-arm-0.21.5.tgz#9b04384fb771926dfa6d7ad04324ecb2ab9b2e28"
  integrity sha512-vCPvzSjpPHEi1siZdlvAlsPxXl7WbOVUBBAowWug4rJHb68Ox8KualB+1ocNvT5fjv6wpkX6o/iEpbDrf68zcg==

"@esbuild/android-x64@0.21.5":
  version "0.21.5"
  resolved "https://registry.yarnpkg.com/@esbuild/android-x64/-/android-x64-0.21.5.tgz#29918ec2db754cedcb6c1b04de8cd6547af6461e"
  integrity sha512-D7aPRUUNHRBwHxzxRvp856rjUHRFW1SdQATKXH2hqA0kAZb1hKmi02OpYRacl0TxIGz/ZmXWlbZgjwWYaCakTA==

"@esbuild/darwin-arm64@0.21.5":
  version "0.21.5"
  resolved "https://registry.yarnpkg.com/@esbuild/darwin-arm64/-/darwin-arm64-0.21.5.tgz#e495b539660e51690f3928af50a76fb0a6ccff2a"
  integrity sha512-DwqXqZyuk5AiWWf3UfLiRDJ5EDd49zg6O9wclZ7kUMv2WRFr4HKjXp/5t8JZ11QbQfUS6/cRCKGwYhtNAY88kQ==

"@esbuild/darwin-x64@0.21.5":
  version "0.21.5"
  resolved "https://registry.yarnpkg.com/@esbuild/darwin-x64/-/darwin-x64-0.21.5.tgz#c13838fa57372839abdddc91d71542ceea2e1e22"
  integrity sha512-se/JjF8NlmKVG4kNIuyWMV/22ZaerB+qaSi5MdrXtd6R08kvs2qCN4C09miupktDitvh8jRFflwGFBQcxZRjbw==

"@esbuild/freebsd-arm64@0.21.5":
  version "0.21.5"
  resolved "https://registry.yarnpkg.com/@esbuild/freebsd-arm64/-/freebsd-arm64-0.21.5.tgz#646b989aa20bf89fd071dd5dbfad69a3542e550e"
  integrity sha512-5JcRxxRDUJLX8JXp/wcBCy3pENnCgBR9bN6JsY4OmhfUtIHe3ZW0mawA7+RDAcMLrMIZaf03NlQiX9DGyB8h4g==

"@esbuild/freebsd-x64@0.21.5":
  version "0.21.5"
  resolved "https://registry.yarnpkg.com/@esbuild/freebsd-x64/-/freebsd-x64-0.21.5.tgz#aa615cfc80af954d3458906e38ca22c18cf5c261"
  integrity sha512-J95kNBj1zkbMXtHVH29bBriQygMXqoVQOQYA+ISs0/2l3T9/kj42ow2mpqerRBxDJnmkUDCaQT/dfNXWX/ZZCQ==

"@esbuild/linux-arm64@0.21.5":
  version "0.21.5"
  resolved "https://registry.yarnpkg.com/@esbuild/linux-arm64/-/linux-arm64-0.21.5.tgz#70ac6fa14f5cb7e1f7f887bcffb680ad09922b5b"
  integrity sha512-ibKvmyYzKsBeX8d8I7MH/TMfWDXBF3db4qM6sy+7re0YXya+K1cem3on9XgdT2EQGMu4hQyZhan7TeQ8XkGp4Q==

"@esbuild/linux-arm@0.21.5":
  version "0.21.5"
  resolved "https://registry.yarnpkg.com/@esbuild/linux-arm/-/linux-arm-0.21.5.tgz#fc6fd11a8aca56c1f6f3894f2bea0479f8f626b9"
  integrity sha512-bPb5AHZtbeNGjCKVZ9UGqGwo8EUu4cLq68E95A53KlxAPRmUyYv2D6F0uUI65XisGOL1hBP5mTronbgo+0bFcA==

"@esbuild/linux-ia32@0.21.5":
  version "0.21.5"
  resolved "https://registry.yarnpkg.com/@esbuild/linux-ia32/-/linux-ia32-0.21.5.tgz#3271f53b3f93e3d093d518d1649d6d68d346ede2"
  integrity sha512-YvjXDqLRqPDl2dvRODYmmhz4rPeVKYvppfGYKSNGdyZkA01046pLWyRKKI3ax8fbJoK5QbxblURkwK/MWY18Tg==

"@esbuild/linux-loong64@0.21.5":
  version "0.21.5"
  resolved "https://registry.yarnpkg.com/@esbuild/linux-loong64/-/linux-loong64-0.21.5.tgz#ed62e04238c57026aea831c5a130b73c0f9f26df"
  integrity sha512-uHf1BmMG8qEvzdrzAqg2SIG/02+4/DHB6a9Kbya0XDvwDEKCoC8ZRWI5JJvNdUjtciBGFQ5PuBlpEOXQj+JQSg==

"@esbuild/linux-mips64el@0.21.5":
  version "0.21.5"
  resolved "https://registry.yarnpkg.com/@esbuild/linux-mips64el/-/linux-mips64el-0.21.5.tgz#e79b8eb48bf3b106fadec1ac8240fb97b4e64cbe"
  integrity sha512-IajOmO+KJK23bj52dFSNCMsz1QP1DqM6cwLUv3W1QwyxkyIWecfafnI555fvSGqEKwjMXVLokcV5ygHW5b3Jbg==

"@esbuild/linux-ppc64@0.21.5":
  version "0.21.5"
  resolved "https://registry.yarnpkg.com/@esbuild/linux-ppc64/-/linux-ppc64-0.21.5.tgz#5f2203860a143b9919d383ef7573521fb154c3e4"
  integrity sha512-1hHV/Z4OEfMwpLO8rp7CvlhBDnjsC3CttJXIhBi+5Aj5r+MBvy4egg7wCbe//hSsT+RvDAG7s81tAvpL2XAE4w==

"@esbuild/linux-riscv64@0.21.5":
  version "0.21.5"
  resolved "https://registry.yarnpkg.com/@esbuild/linux-riscv64/-/linux-riscv64-0.21.5.tgz#07bcafd99322d5af62f618cb9e6a9b7f4bb825dc"
  integrity sha512-2HdXDMd9GMgTGrPWnJzP2ALSokE/0O5HhTUvWIbD3YdjME8JwvSCnNGBnTThKGEB91OZhzrJ4qIIxk/SBmyDDA==

"@esbuild/linux-s390x@0.21.5":
  version "0.21.5"
  resolved "https://registry.yarnpkg.com/@esbuild/linux-s390x/-/linux-s390x-0.21.5.tgz#b7ccf686751d6a3e44b8627ababc8be3ef62d8de"
  integrity sha512-zus5sxzqBJD3eXxwvjN1yQkRepANgxE9lgOW2qLnmr8ikMTphkjgXu1HR01K4FJg8h1kEEDAqDcZQtbrRnB41A==

"@esbuild/linux-x64@0.21.5":
  version "0.21.5"
  resolved "https://registry.yarnpkg.com/@esbuild/linux-x64/-/linux-x64-0.21.5.tgz#6d8f0c768e070e64309af8004bb94e68ab2bb3b0"
  integrity sha512-1rYdTpyv03iycF1+BhzrzQJCdOuAOtaqHTWJZCWvijKD2N5Xu0TtVC8/+1faWqcP9iBCWOmjmhoH94dH82BxPQ==

"@esbuild/netbsd-x64@0.21.5":
  version "0.21.5"
  resolved "https://registry.yarnpkg.com/@esbuild/netbsd-x64/-/netbsd-x64-0.21.5.tgz#bbe430f60d378ecb88decb219c602667387a6047"
  integrity sha512-Woi2MXzXjMULccIwMnLciyZH4nCIMpWQAs049KEeMvOcNADVxo0UBIQPfSmxB3CWKedngg7sWZdLvLczpe0tLg==

"@esbuild/openbsd-x64@0.21.5":
  version "0.21.5"
  resolved "https://registry.yarnpkg.com/@esbuild/openbsd-x64/-/openbsd-x64-0.21.5.tgz#99d1cf2937279560d2104821f5ccce220cb2af70"
  integrity sha512-HLNNw99xsvx12lFBUwoT8EVCsSvRNDVxNpjZ7bPn947b8gJPzeHWyNVhFsaerc0n3TsbOINvRP2byTZ5LKezow==

"@esbuild/sunos-x64@0.21.5":
  version "0.21.5"
  resolved "https://registry.yarnpkg.com/@esbuild/sunos-x64/-/sunos-x64-0.21.5.tgz#08741512c10d529566baba837b4fe052c8f3487b"
  integrity sha512-6+gjmFpfy0BHU5Tpptkuh8+uw3mnrvgs+dSPQXQOv3ekbordwnzTVEb4qnIvQcYXq6gzkyTnoZ9dZG+D4garKg==

"@esbuild/win32-arm64@0.21.5":
  version "0.21.5"
  resolved "https://registry.yarnpkg.com/@esbuild/win32-arm64/-/win32-arm64-0.21.5.tgz#675b7385398411240735016144ab2e99a60fc75d"
  integrity sha512-Z0gOTd75VvXqyq7nsl93zwahcTROgqvuAcYDUr+vOv8uHhNSKROyU961kgtCD1e95IqPKSQKH7tBTslnS3tA8A==

"@esbuild/win32-ia32@0.21.5":
  version "0.21.5"
  resolved "https://registry.yarnpkg.com/@esbuild/win32-ia32/-/win32-ia32-0.21.5.tgz#1bfc3ce98aa6ca9a0969e4d2af72144c59c1193b"
  integrity sha512-SWXFF1CL2RVNMaVs+BBClwtfZSvDgtL//G/smwAc5oVK/UPu2Gu9tIaRgFmYFFKrmg3SyAjSrElf0TiJ1v8fYA==

"@esbuild/win32-x64@0.21.5":
  version "0.21.5"
  resolved "https://registry.yarnpkg.com/@esbuild/win32-x64/-/win32-x64-0.21.5.tgz#acad351d582d157bb145535db2a6ff53dd514b5c"
  integrity sha512-tQd/1efJuzPC6rCFwEvLtci/xNFcTZknmXs98FYDfGE4wP9ClFV98nyKrzJKVPMhdDnjzLhdUyMX4PsQAPjwIw==

"@jridgewell/sourcemap-codec@^1.5.0":
  version "1.5.0"
  resolved "https://registry.yarnpkg.com/@jridgewell/sourcemap-codec/-/sourcemap-codec-1.5.0.tgz#3188bcb273a414b0d215fd22a58540b989b9409a"
  integrity sha512-gv3ZRaISU3fjPAgNsriBRqGWQL6quFx04YMPW/zD8XMLsU32mhCCbfbO6KZFLjvYpCZ8zyDEgqsgf+PwPaM7GQ==

"@rollup/rollup-android-arm-eabi@4.21.0":
  version "4.21.0"
  resolved "https://registry.yarnpkg.com/@rollup/rollup-android-arm-eabi/-/rollup-android-arm-eabi-4.21.0.tgz#d941173f82f9b041c61b0dc1a2a91dcd06e4b31e"
  integrity sha512-WTWD8PfoSAJ+qL87lE7votj3syLavxunWhzCnx3XFxFiI/BA/r3X7MUM8dVrH8rb2r4AiO8jJsr3ZjdaftmnfA==

"@rollup/rollup-android-arm64@4.21.0":
  version "4.21.0"
  resolved "https://registry.yarnpkg.com/@rollup/rollup-android-arm64/-/rollup-android-arm64-4.21.0.tgz#7e7157c8543215245ceffc445134d9e843ba51c0"
  integrity sha512-a1sR2zSK1B4eYkiZu17ZUZhmUQcKjk2/j9Me2IDjk1GHW7LB5Z35LEzj9iJch6gtUfsnvZs1ZNyDW2oZSThrkA==

"@rollup/rollup-darwin-arm64@4.21.0":
  version "4.21.0"
  resolved "https://registry.yarnpkg.com/@rollup/rollup-darwin-arm64/-/rollup-darwin-arm64-4.21.0.tgz#f0a18a4fc8dc6eb1e94a51fa2adb22876f477947"
  integrity sha512-zOnKWLgDld/svhKO5PD9ozmL6roy5OQ5T4ThvdYZLpiOhEGY+dp2NwUmxK0Ld91LrbjrvtNAE0ERBwjqhZTRAA==

"@rollup/rollup-darwin-x64@4.21.0":
  version "4.21.0"
  resolved "https://registry.yarnpkg.com/@rollup/rollup-darwin-x64/-/rollup-darwin-x64-4.21.0.tgz#34b7867613e5cc42d2b85ddc0424228cc33b43f0"
  integrity sha512-7doS8br0xAkg48SKE2QNtMSFPFUlRdw9+votl27MvT46vo44ATBmdZdGysOevNELmZlfd+NEa0UYOA8f01WSrg==

"@rollup/rollup-linux-arm-gnueabihf@4.21.0":
  version "4.21.0"
  resolved "https://registry.yarnpkg.com/@rollup/rollup-linux-arm-gnueabihf/-/rollup-linux-arm-gnueabihf-4.21.0.tgz#422b19ff9ae02b05d3395183d1d43b38c7c8be0b"
  integrity sha512-pWJsfQjNWNGsoCq53KjMtwdJDmh/6NubwQcz52aEwLEuvx08bzcy6tOUuawAOncPnxz/3siRtd8hiQ32G1y8VA==

"@rollup/rollup-linux-arm-musleabihf@4.21.0":
  version "4.21.0"
  resolved "https://registry.yarnpkg.com/@rollup/rollup-linux-arm-musleabihf/-/rollup-linux-arm-musleabihf-4.21.0.tgz#568aa29195ef6fc57ec6ed3f518923764406a8ee"
  integrity sha512-efRIANsz3UHZrnZXuEvxS9LoCOWMGD1rweciD6uJQIx2myN3a8Im1FafZBzh7zk1RJ6oKcR16dU3UPldaKd83w==

"@rollup/rollup-linux-arm64-gnu@4.21.0":
  version "4.21.0"
  resolved "https://registry.yarnpkg.com/@rollup/rollup-linux-arm64-gnu/-/rollup-linux-arm64-gnu-4.21.0.tgz#22309c8bcba9a73114f69165c72bc94b2fbec085"
  integrity sha512-ZrPhydkTVhyeGTW94WJ8pnl1uroqVHM3j3hjdquwAcWnmivjAwOYjTEAuEDeJvGX7xv3Z9GAvrBkEzCgHq9U1w==

"@rollup/rollup-linux-arm64-musl@4.21.0":
  version "4.21.0"
  resolved "https://registry.yarnpkg.com/@rollup/rollup-linux-arm64-musl/-/rollup-linux-arm64-musl-4.21.0.tgz#c93c388af6d33f082894b8a60839d7265b2b9bc5"
  integrity sha512-cfaupqd+UEFeURmqNP2eEvXqgbSox/LHOyN9/d2pSdV8xTrjdg3NgOFJCtc1vQ/jEke1qD0IejbBfxleBPHnPw==

"@rollup/rollup-linux-powerpc64le-gnu@4.21.0":
  version "4.21.0"
  resolved "https://registry.yarnpkg.com/@rollup/rollup-linux-powerpc64le-gnu/-/rollup-linux-powerpc64le-gnu-4.21.0.tgz#493c5e19e395cf3c6bd860c7139c8a903dea72b4"
  integrity sha512-ZKPan1/RvAhrUylwBXC9t7B2hXdpb/ufeu22pG2psV7RN8roOfGurEghw1ySmX/CmDDHNTDDjY3lo9hRlgtaHg==

"@rollup/rollup-linux-riscv64-gnu@4.21.0":
  version "4.21.0"
  resolved "https://registry.yarnpkg.com/@rollup/rollup-linux-riscv64-gnu/-/rollup-linux-riscv64-gnu-4.21.0.tgz#a2eab4346fbe5909165ce99adb935ba30c9fb444"
  integrity sha512-H1eRaCwd5E8eS8leiS+o/NqMdljkcb1d6r2h4fKSsCXQilLKArq6WS7XBLDu80Yz+nMqHVFDquwcVrQmGr28rg==

"@rollup/rollup-linux-s390x-gnu@4.21.0":
  version "4.21.0"
  resolved "https://registry.yarnpkg.com/@rollup/rollup-linux-s390x-gnu/-/rollup-linux-s390x-gnu-4.21.0.tgz#0bc49a79db4345d78d757bb1b05e73a1b42fa5c3"
  integrity sha512-zJ4hA+3b5tu8u7L58CCSI0A9N1vkfwPhWd/puGXwtZlsB5bTkwDNW/+JCU84+3QYmKpLi+XvHdmrlwUwDA6kqw==

"@rollup/rollup-linux-x64-gnu@4.21.0":
  version "4.21.0"
  resolved "https://registry.yarnpkg.com/@rollup/rollup-linux-x64-gnu/-/rollup-linux-x64-gnu-4.21.0.tgz#4fd36a6a41f3406d8693321b13d4f9b7658dd4b9"
  integrity sha512-e2hrvElFIh6kW/UNBQK/kzqMNY5mO+67YtEh9OA65RM5IJXYTWiXjX6fjIiPaqOkBthYF1EqgiZ6OXKcQsM0hg==

"@rollup/rollup-linux-x64-musl@4.21.0":
  version "4.21.0"
  resolved "https://registry.yarnpkg.com/@rollup/rollup-linux-x64-musl/-/rollup-linux-x64-musl-4.21.0.tgz#10ebb13bd4469cbad1a5d9b073bd27ec8a886200"
  integrity sha512-1vvmgDdUSebVGXWX2lIcgRebqfQSff0hMEkLJyakQ9JQUbLDkEaMsPTLOmyccyC6IJ/l3FZuJbmrBw/u0A0uCQ==

"@rollup/rollup-win32-arm64-msvc@4.21.0":
  version "4.21.0"
  resolved "https://registry.yarnpkg.com/@rollup/rollup-win32-arm64-msvc/-/rollup-win32-arm64-msvc-4.21.0.tgz#2fef1a90f1402258ef915ae5a94cc91a5a1d5bfc"
  integrity sha512-s5oFkZ/hFcrlAyBTONFY1TWndfyre1wOMwU+6KCpm/iatybvrRgmZVM+vCFwxmC5ZhdlgfE0N4XorsDpi7/4XQ==

"@rollup/rollup-win32-ia32-msvc@4.21.0":
  version "4.21.0"
  resolved "https://registry.yarnpkg.com/@rollup/rollup-win32-ia32-msvc/-/rollup-win32-ia32-msvc-4.21.0.tgz#a18ad47a95c5f264defb60acdd8c27569f816fc1"
  integrity sha512-G9+TEqRnAA6nbpqyUqgTiopmnfgnMkR3kMukFBDsiyy23LZvUCpiUwjTRx6ezYCjJODXrh52rBR9oXvm+Fp5wg==

"@rollup/rollup-win32-x64-msvc@4.21.0":
  version "4.21.0"
  resolved "https://registry.yarnpkg.com/@rollup/rollup-win32-x64-msvc/-/rollup-win32-x64-msvc-4.21.0.tgz#20c09cf44dcb082140cc7f439dd679fe4bba3375"
  integrity sha512-2jsCDZwtQvRhejHLfZ1JY6w6kEuEtfF9nzYsZxzSlNVKDX+DpsDJ+Rbjkm74nvg2rdx0gwBS+IMdvwJuq3S9pQ==

"@shikijs/core@1.14.1", "@shikijs/core@^1.13.0":
  version "1.14.1"
  resolved "https://registry.yarnpkg.com/@shikijs/core/-/core-1.14.1.tgz#008f1c4a20ff83fd1672d9e31d76b687862f7511"
  integrity sha512-KyHIIpKNaT20FtFPFjCQB5WVSTpLR/n+jQXhWHWVUMm9MaOaG9BGOG0MSyt7yA4+Lm+4c9rTc03tt3nYzeYSfw==
  dependencies:
    "@types/hast" "^3.0.4"

"@shikijs/transformers@^1.13.0":
  version "1.14.1"
  resolved "https://registry.yarnpkg.com/@shikijs/transformers/-/transformers-1.14.1.tgz#d93710768fbedd4b80f32c4310dc6e5e6f169798"
  integrity sha512-JJqL8QBVCJh3L61jqqEXgFq1cTycwjcGj7aSmqOEsbxnETM9hRlaB74QuXvY/fVJNjbNt8nvWo0VwAXKvMSLRg==
  dependencies:
    shiki "1.14.1"

"@types/estree@1.0.5":
  version "1.0.5"
  resolved "https://registry.yarnpkg.com/@types/estree/-/estree-1.0.5.tgz#a6ce3e556e00fd9895dd872dd172ad0d4bd687f4"
  integrity sha512-/kYRxGDLWzHOB7q+wtSUQlFrtcdUccpfy+X+9iMBpHK8QLLhx2wIPYuS5DYtR9Wa/YlZAbIovy7qVdB1Aq6Lyw==

"@types/hast@^3.0.4":
  version "3.0.4"
  resolved "https://registry.yarnpkg.com/@types/hast/-/hast-3.0.4.tgz#1d6b39993b82cea6ad783945b0508c25903e15aa"
  integrity sha512-WPs+bbQw5aCj+x6laNGWLH3wviHtoCv/P3+otBhbOhJgG8qtpdAMlTCxLtsTWA7LH1Oh/bFCHsBn0TPS5m30EQ==
  dependencies:
    "@types/unist" "*"

"@types/linkify-it@^5":
  version "5.0.0"
  resolved "https://registry.yarnpkg.com/@types/linkify-it/-/linkify-it-5.0.0.tgz#21413001973106cda1c3a9b91eedd4ccd5469d76"
  integrity sha512-sVDA58zAw4eWAffKOaQH5/5j3XeayukzDk+ewSsnv3p4yJEZHCCzMDiZM8e0OUrRvmpGZ85jf4yDHkHsgBNr9Q==

"@types/markdown-it@^14.1.2":
  version "14.1.2"
  resolved "https://registry.yarnpkg.com/@types/markdown-it/-/markdown-it-14.1.2.tgz#57f2532a0800067d9b934f3521429a2e8bfb4c61"
  integrity sha512-promo4eFwuiW+TfGxhi+0x3czqTYJkG8qB17ZUJiVF10Xm7NLVRSLUsfRTU/6h1e24VvRnXCx+hG7li58lkzog==
  dependencies:
    "@types/linkify-it" "^5"
    "@types/mdurl" "^2"

"@types/mdurl@^2":
  version "2.0.0"
  resolved "https://registry.yarnpkg.com/@types/mdurl/-/mdurl-2.0.0.tgz#d43878b5b20222682163ae6f897b20447233bdfd"
  integrity sha512-RGdgjQUZba5p6QEFAVx2OGb8rQDL/cPRG7GiedRzMcJ1tYnUANBncjbSB1NRGwbvjcPeikRABz2nshyPk1bhWg==

"@types/unist@*":
  version "3.0.3"
  resolved "https://registry.yarnpkg.com/@types/unist/-/unist-3.0.3.tgz#acaab0f919ce69cce629c2d4ed2eb4adc1b6c20c"
  integrity sha512-ko/gIFJRv177XgZsZcBwnqJN5x/Gien8qNOn0D5bQU/zAzVf9Zt3BlcUiLqhV9y4ARk0GbT3tnUiPNgnTXzc/Q==

"@types/web-bluetooth@^0.0.20":
  version "0.0.20"
  resolved "https://registry.yarnpkg.com/@types/web-bluetooth/-/web-bluetooth-0.0.20.tgz#f066abfcd1cbe66267cdbbf0de010d8a41b41597"
  integrity sha512-g9gZnnXVq7gM7v3tJCWV/qw7w+KeOlSHAhgF9RytFyifW6AF61hdT2ucrYhPq9hLs5JIryeupHV3qGk95dH9ow==

"@vitejs/plugin-vue@^5.1.2":
  version "5.1.2"
  resolved "https://registry.yarnpkg.com/@vitejs/plugin-vue/-/plugin-vue-5.1.2.tgz#f11091e0130eca6c1ca8cfb85ee71ea53b255d31"
  integrity sha512-nY9IwH12qeiJqumTCLJLE7IiNx7HZ39cbHaysEUd+Myvbz9KAqd2yq+U01Kab1R/H1BmiyM2ShTYlNH32Fzo3A==

"@vue/compiler-core@3.4.38":
  version "3.4.38"
  resolved "https://registry.yarnpkg.com/@vue/compiler-core/-/compiler-core-3.4.38.tgz#326dfe3c92fa2b0f1dc9b39a948a231980253496"
  integrity sha512-8IQOTCWnLFqfHzOGm9+P8OPSEDukgg3Huc92qSG49if/xI2SAwLHQO2qaPQbjCWPBcQoO1WYfXfTACUrWV3c5A==
  dependencies:
    "@babel/parser" "^7.24.7"
    "@vue/shared" "3.4.38"
    entities "^4.5.0"
    estree-walker "^2.0.2"
    source-map-js "^1.2.0"

"@vue/compiler-dom@3.4.38":
  version "3.4.38"
  resolved "https://registry.yarnpkg.com/@vue/compiler-dom/-/compiler-dom-3.4.38.tgz#90348fac1130e0bbd408b650635cb626b3b9df06"
  integrity sha512-Osc/c7ABsHXTsETLgykcOwIxFktHfGSUDkb05V61rocEfsFDcjDLH/IHJSNJP+/Sv9KeN2Lx1V6McZzlSb9EhQ==
  dependencies:
    "@vue/compiler-core" "3.4.38"
    "@vue/shared" "3.4.38"

"@vue/compiler-sfc@3.4.38":
  version "3.4.38"
  resolved "https://registry.yarnpkg.com/@vue/compiler-sfc/-/compiler-sfc-3.4.38.tgz#954c3f6777bbbcca28771ba59b795f12f76ef188"
  integrity sha512-s5QfZ+9PzPh3T5H4hsQDJtI8x7zdJaew/dCGgqZ2630XdzaZ3AD8xGZfBqpT8oaD/p2eedd+pL8tD5vvt5ZYJQ==
  dependencies:
    "@babel/parser" "^7.24.7"
    "@vue/compiler-core" "3.4.38"
    "@vue/compiler-dom" "3.4.38"
    "@vue/compiler-ssr" "3.4.38"
    "@vue/shared" "3.4.38"
    estree-walker "^2.0.2"
    magic-string "^0.30.10"
    postcss "^8.4.40"
    source-map-js "^1.2.0"

"@vue/compiler-ssr@3.4.38":
  version "3.4.38"
  resolved "https://registry.yarnpkg.com/@vue/compiler-ssr/-/compiler-ssr-3.4.38.tgz#9ded18f6d9c8b2440039a58492cfff36fa1a7774"
  integrity sha512-YXznKFQ8dxYpAz9zLuVvfcXhc31FSPFDcqr0kyujbOwNhlmaNvL2QfIy+RZeJgSn5Fk54CWoEUeW+NVBAogGaw==
  dependencies:
    "@vue/compiler-dom" "3.4.38"
    "@vue/shared" "3.4.38"

"@vue/devtools-api@^7.3.8":
  version "7.3.8"
  resolved "https://registry.yarnpkg.com/@vue/devtools-api/-/devtools-api-7.3.8.tgz#a1cbdc0adfe212aef8fb21a9645adb5ef96c765a"
  integrity sha512-NURFwmxz4WukFU54IHgyGI2KSejdgHG5JC4xTcWmTWEBIc8aelj9fBy4qsboObGHFp3JIdRxxANO9s2wZA/pVQ==
  dependencies:
    "@vue/devtools-kit" "^7.3.8"

"@vue/devtools-kit@^7.3.8":
  version "7.3.8"
  resolved "https://registry.yarnpkg.com/@vue/devtools-kit/-/devtools-kit-7.3.8.tgz#d346a09f198956ebc623c201aeaf29a798ca8242"
  integrity sha512-HYy3MQP1nZ6GbE4vrgJ/UB+MvZnhYmEwCa/UafrEpdpwa+jNCkz1ZdUrC5I7LpkH1ShREEV2/pZlAQdBj+ncLQ==
  dependencies:
    "@vue/devtools-shared" "^7.3.8"
    birpc "^0.2.17"
    hookable "^5.5.3"
    mitt "^3.0.1"
    perfect-debounce "^1.0.0"
    speakingurl "^14.0.1"
    superjson "^2.2.1"

"@vue/devtools-shared@^7.3.8":
  version "7.3.8"
  resolved "https://registry.yarnpkg.com/@vue/devtools-shared/-/devtools-shared-7.3.8.tgz#40972ca05fc43f0ebdea42108fb4d5d42de43032"
  integrity sha512-1NiJbn7Yp47nPDWhFZyEKpB2+5/+7JYv8IQnU0ccMrgslPR2dL7u1DIyI7mLqy4HN1ll36gQy0k8GqBYSFgZJw==
  dependencies:
    rfdc "^1.4.1"

"@vue/reactivity@3.4.38":
  version "3.4.38"
  resolved "https://registry.yarnpkg.com/@vue/reactivity/-/reactivity-3.4.38.tgz#ec2d549f4b831cd03d0baabf7d77e840b8536000"
  integrity sha512-4vl4wMMVniLsSYYeldAKzbk72+D3hUnkw9z8lDeJacTxAkXeDAP1uE9xr2+aKIN0ipOL8EG2GPouVTH6yF7Gnw==
  dependencies:
    "@vue/shared" "3.4.38"

"@vue/runtime-core@3.4.38":
  version "3.4.38"
  resolved "https://registry.yarnpkg.com/@vue/runtime-core/-/runtime-core-3.4.38.tgz#bead9085e9a1c5a446e27d74ffb450f9261cf097"
  integrity sha512-21z3wA99EABtuf+O3IhdxP0iHgkBs1vuoCAsCKLVJPEjpVqvblwBnTj42vzHRlWDCyxu9ptDm7sI2ZMcWrQqlA==
  dependencies:
    "@vue/reactivity" "3.4.38"
    "@vue/shared" "3.4.38"

"@vue/runtime-dom@3.4.38":
  version "3.4.38"
  resolved "https://registry.yarnpkg.com/@vue/runtime-dom/-/runtime-dom-3.4.38.tgz#52678ba0b85f94400a0a9c8dd23ddef4dd65657d"
  integrity sha512-afZzmUreU7vKwKsV17H1NDThEEmdYI+GCAK/KY1U957Ig2NATPVjCROv61R19fjZNzMmiU03n79OMnXyJVN0UA==
  dependencies:
    "@vue/reactivity" "3.4.38"
    "@vue/runtime-core" "3.4.38"
    "@vue/shared" "3.4.38"
    csstype "^3.1.3"

"@vue/server-renderer@3.4.38":
  version "3.4.38"
  resolved "https://registry.yarnpkg.com/@vue/server-renderer/-/server-renderer-3.4.38.tgz#457401ef2b0f969156702061e56915acecc9fe2c"
  integrity sha512-NggOTr82FbPEkkUvBm4fTGcwUY8UuTsnWC/L2YZBmvaQ4C4Jl/Ao4HHTB+l7WnFCt5M/dN3l0XLuyjzswGYVCA==
  dependencies:
    "@vue/compiler-ssr" "3.4.38"
    "@vue/shared" "3.4.38"

"@vue/shared@3.4.38", "@vue/shared@^3.4.38":
  version "3.4.38"
  resolved "https://registry.yarnpkg.com/@vue/shared/-/shared-3.4.38.tgz#552a6770098bfd556fa3e2c686c9d3b4f4cd94c2"
  integrity sha512-q0xCiLkuWWQLzVrecPb0RMsNWyxICOjPrcrwxTUEHb1fsnvni4dcuyG7RT/Ie7VPTvnjzIaWzRMUBsrqNj/hhw==

"@vueuse/core@11.0.1", "@vueuse/core@^11.0.0":
  version "11.0.1"
  resolved "https://registry.yarnpkg.com/@vueuse/core/-/core-11.0.1.tgz#cffaf8824a1b3b3c3cbe5d7d6de21000f43fab23"
  integrity sha512-YTrekI18WwEyP3h168Fir94G/HNC27wvXJI21Alm0sPOwvhihfkrvHIe+5PNJq+MpgWdRcsjvE/38JaoKrgZhQ==
  dependencies:
    "@types/web-bluetooth" "^0.0.20"
    "@vueuse/metadata" "11.0.1"
    "@vueuse/shared" "11.0.1"
    vue-demi ">=0.14.10"

"@vueuse/integrations@^11.0.0":
  version "11.0.1"
  resolved "https://registry.yarnpkg.com/@vueuse/integrations/-/integrations-11.0.1.tgz#23e3401fb9e12c3a0ab67410da1e038b94b530fd"
  integrity sha512-V/FQTS/aiV6RTFXOj8cXgqhtNJBvxvbHeLElOUR7N7F3Kr0btS+dkymLB54mFd0Or6uEGpgwwb41cs/q2/rdOg==
  dependencies:
    "@vueuse/core" "11.0.1"
    "@vueuse/shared" "11.0.1"
    vue-demi ">=0.14.10"

"@vueuse/metadata@11.0.1":
  version "11.0.1"
  resolved "https://registry.yarnpkg.com/@vueuse/metadata/-/metadata-11.0.1.tgz#b78fee96948896f1663c8da1f4a94839aa7627d7"
  integrity sha512-dTFvuHFAjLYOiSd+t9Sk7xUiuL6jbfay/eX+g+jaipXXlwKur2VCqBCZX+jfu+2vROUGcUsdn3fJR9KkpadIOg==

"@vueuse/shared@11.0.1":
  version "11.0.1"
  resolved "https://registry.yarnpkg.com/@vueuse/shared/-/shared-11.0.1.tgz#50c34d3d20a889bfa36db87fd7208be29e5448c7"
  integrity sha512-eAPf5CQB3HR0S76HqrhjBqFYstZfiHWZq8xF9EQmobGBkrhPfErJEhr8aMNQMqd6MkENIx2pblIEfJGlHpClug==
  dependencies:
    vue-demi ">=0.14.10"

algoliasearch@^4.19.1:
  version "4.24.0"
  resolved "https://registry.yarnpkg.com/algoliasearch/-/algoliasearch-4.24.0.tgz#b953b3e2309ef8f25da9de311b95b994ac918275"
  integrity sha512-bf0QV/9jVejssFBmz2HQLxUadxk574t4iwjCKp5E7NBzwKkrDEhKPISIIjAU/p6K5qDx3qoeh4+26zWN1jmw3g==
  dependencies:
    "@algolia/cache-browser-local-storage" "4.24.0"
    "@algolia/cache-common" "4.24.0"
    "@algolia/cache-in-memory" "4.24.0"
    "@algolia/client-account" "4.24.0"
    "@algolia/client-analytics" "4.24.0"
    "@algolia/client-common" "4.24.0"
    "@algolia/client-personalization" "4.24.0"
    "@algolia/client-search" "4.24.0"
    "@algolia/logger-common" "4.24.0"
    "@algolia/logger-console" "4.24.0"
    "@algolia/recommend" "4.24.0"
    "@algolia/requester-browser-xhr" "4.24.0"
    "@algolia/requester-common" "4.24.0"
    "@algolia/requester-node-http" "4.24.0"
    "@algolia/transporter" "4.24.0"

birpc@^0.2.17:
  version "0.2.17"
  resolved "https://registry.yarnpkg.com/birpc/-/birpc-0.2.17.tgz#d0bdb90d4d063061156637f03b7b0adea1779734"
  integrity sha512-+hkTxhot+dWsLpp3gia5AkVHIsKlZybNT5gIYiDlNzJrmYPcTM9k5/w2uaj3IPpd7LlEYpmCj4Jj1nC41VhDFg==

copy-anything@^3.0.2:
  version "3.0.5"
  resolved "https://registry.yarnpkg.com/copy-anything/-/copy-anything-3.0.5.tgz#2d92dce8c498f790fa7ad16b01a1ae5a45b020a0"
  integrity sha512-yCEafptTtb4bk7GLEQoM8KVJpxAfdBJYaXyzQEgQQQgYrZiDp8SJmGKlYza6CYjEDNstAdNdKA3UuoULlEbS6w==
  dependencies:
    is-what "^4.1.8"

csstype@^3.1.3:
  version "3.1.3"
  resolved "https://registry.yarnpkg.com/csstype/-/csstype-3.1.3.tgz#d80ff294d114fb0e6ac500fbf85b60137d7eff81"
  integrity sha512-M1uQkMl8rQK/szD0LNhtqxIPLpimGm8sOBwU7lLnCpSbTyY3yeU1Vc7l4KT5zT4s/yOxHH5O7tIuuLOCnLADRw==

entities@^4.5.0:
  version "4.5.0"
  resolved "https://registry.yarnpkg.com/entities/-/entities-4.5.0.tgz#5d268ea5e7113ec74c4d033b79ea5a35a488fb48"
  integrity sha512-V0hjH4dGPh9Ao5p0MoRY6BVqtwCjhz6vI5LT8AJ55H+4g9/4vbHx1I54fS0XuclLhDHArPQCiMjDxjaL8fPxhw==

esbuild@^0.21.3:
  version "0.21.5"
  resolved "https://registry.yarnpkg.com/esbuild/-/esbuild-0.21.5.tgz#9ca301b120922959b766360d8ac830da0d02997d"
  integrity sha512-mg3OPMV4hXywwpoDxu3Qda5xCKQi+vCTZq8S9J/EpkhB2HzKXq4SNFZE3+NK93JYxc8VMSep+lOUSC/RVKaBqw==
  optionalDependencies:
    "@esbuild/aix-ppc64" "0.21.5"
    "@esbuild/android-arm" "0.21.5"
    "@esbuild/android-arm64" "0.21.5"
    "@esbuild/android-x64" "0.21.5"
    "@esbuild/darwin-arm64" "0.21.5"
    "@esbuild/darwin-x64" "0.21.5"
    "@esbuild/freebsd-arm64" "0.21.5"
    "@esbuild/freebsd-x64" "0.21.5"
    "@esbuild/linux-arm" "0.21.5"
    "@esbuild/linux-arm64" "0.21.5"
    "@esbuild/linux-ia32" "0.21.5"
    "@esbuild/linux-loong64" "0.21.5"
    "@esbuild/linux-mips64el" "0.21.5"
    "@esbuild/linux-ppc64" "0.21.5"
    "@esbuild/linux-riscv64" "0.21.5"
    "@esbuild/linux-s390x" "0.21.5"
    "@esbuild/linux-x64" "0.21.5"
    "@esbuild/netbsd-x64" "0.21.5"
    "@esbuild/openbsd-x64" "0.21.5"
    "@esbuild/sunos-x64" "0.21.5"
    "@esbuild/win32-arm64" "0.21.5"
    "@esbuild/win32-ia32" "0.21.5"
    "@esbuild/win32-x64" "0.21.5"

estree-walker@^2.0.2:
  version "2.0.2"
  resolved "https://registry.yarnpkg.com/estree-walker/-/estree-walker-2.0.2.tgz#52f010178c2a4c117a7757cfe942adb7d2da4cac"
  integrity sha512-Rfkk/Mp/DL7JVje3u18FxFujQlTNR2q6QfMSMB7AvCBx91NGj/ba3kCfza0f6dVDbw7YlRf/nDrn7pQrCCyQ/w==

focus-trap@^7.5.4:
  version "7.5.4"
  resolved "https://registry.yarnpkg.com/focus-trap/-/focus-trap-7.5.4.tgz#6c4e342fe1dae6add9c2aa332a6e7a0bbd495ba2"
  integrity sha512-N7kHdlgsO/v+iD/dMoJKtsSqs5Dz/dXZVebRgJw23LDk+jMi/974zyiOYDziY2JPp8xivq9BmUGwIJMiuSBi7w==
  dependencies:
    tabbable "^6.2.0"

fsevents@~2.3.2, fsevents@~2.3.3:
  version "2.3.3"
  resolved "https://registry.yarnpkg.com/fsevents/-/fsevents-2.3.3.tgz#cac6407785d03675a2a5e1a5305c697b347d90d6"
  integrity sha512-5xoDfX+fL7faATnagmWPpbFtwh/R77WmMMqqHGS65C3vvB0YHrgF+B1YmZ3441tMj5n63k0212XNoJwzlhffQw==

hookable@^5.5.3:
  version "5.5.3"
  resolved "https://registry.yarnpkg.com/hookable/-/hookable-5.5.3.tgz#6cfc358984a1ef991e2518cb9ed4a778bbd3215d"
  integrity sha512-Yc+BQe8SvoXH1643Qez1zqLRmbA5rCL+sSmk6TVos0LWVfNIB7PGncdlId77WzLGSIB5KaWgTaNTs2lNVEI6VQ==

is-what@^4.1.8:
  version "4.1.16"
  resolved "https://registry.yarnpkg.com/is-what/-/is-what-4.1.16.tgz#1ad860a19da8b4895ad5495da3182ce2acdd7a6f"
  integrity sha512-ZhMwEosbFJkA0YhFnNDgTM4ZxDRsS6HqTo7qsZM08fehyRYIYa0yHu5R6mgo1n/8MgaPBXiPimPD77baVFYg+A==

magic-string@^0.30.10:
  version "0.30.11"
  resolved "https://registry.yarnpkg.com/magic-string/-/magic-string-0.30.11.tgz#301a6f93b3e8c2cb13ac1a7a673492c0dfd12954"
  integrity sha512-+Wri9p0QHMy+545hKww7YAu5NyzF8iomPL/RQazugQ9+Ez4Ic3mERMd8ZTX5rfK944j+560ZJi8iAwgak1Ac7A==
  dependencies:
    "@jridgewell/sourcemap-codec" "^1.5.0"

mark.js@8.11.1:
  version "8.11.1"
  resolved "https://registry.yarnpkg.com/mark.js/-/mark.js-8.11.1.tgz#180f1f9ebef8b0e638e4166ad52db879beb2ffc5"
  integrity sha512-1I+1qpDt4idfgLQG+BNWmrqku+7/2bi5nLf4YwF8y8zXvmfiTBY3PV3ZibfrjBueCByROpuBjLLFCajqkgYoLQ==

minisearch@^7.1.0:
  version "7.1.0"
  resolved "https://registry.yarnpkg.com/minisearch/-/minisearch-7.1.0.tgz#f5830e9109b5919ee7b291c29a304f381aa68770"
  integrity sha512-tv7c/uefWdEhcu6hvrfTihflgeEi2tN6VV7HJnCjK6VxM75QQJh4t9FwJCsA2EsRS8LCnu3W87CuGPWMocOLCA==

mitt@^3.0.1:
  version "3.0.1"
  resolved "https://registry.yarnpkg.com/mitt/-/mitt-3.0.1.tgz#ea36cf0cc30403601ae074c8f77b7092cdab36d1"
  integrity sha512-vKivATfr97l2/QBCYAkXYDbrIWPM2IIKEl7YPhjCvKlG3kE2gm+uBo6nEXK3M5/Ffh/FLpKExzOQ3JJoJGFKBw==

nanoid@^3.3.7:
  version "3.3.7"
  resolved "https://registry.yarnpkg.com/nanoid/-/nanoid-3.3.7.tgz#d0c301a691bc8d54efa0a2226ccf3fe2fd656bd8"
  integrity sha512-eSRppjcPIatRIMC1U6UngP8XFcz8MQWGQdt1MTBQ7NaAmvXDfvNxbvWV3x2y6CdEUciCSsDHDQZbhYaB8QEo2g==

perfect-debounce@^1.0.0:
  version "1.0.0"
  resolved "https://registry.yarnpkg.com/perfect-debounce/-/perfect-debounce-1.0.0.tgz#9c2e8bc30b169cc984a58b7d5b28049839591d2a"
  integrity sha512-xCy9V055GLEqoFaHoC1SoLIaLmWctgCUaBaWxDZ7/Zx4CTyX7cJQLJOok/orfjZAh9kEYpjJa4d0KcJmCbctZA==

picocolors@^1.0.1:
  version "1.0.1"
  resolved "https://registry.yarnpkg.com/picocolors/-/picocolors-1.0.1.tgz#a8ad579b571952f0e5d25892de5445bcfe25aaa1"
  integrity sha512-anP1Z8qwhkbmu7MFP5iTt+wQKXgwzf7zTyGlcdzabySa9vd0Xt392U0rVmz9poOaBj0uHJKyyo9/upk0HrEQew==

postcss@^8.4.40, postcss@^8.4.41:
  version "8.4.41"
  resolved "https://registry.yarnpkg.com/postcss/-/postcss-8.4.41.tgz#d6104d3ba272d882fe18fc07d15dc2da62fa2681"
  integrity sha512-TesUflQ0WKZqAvg52PWL6kHgLKP6xB6heTOdoYM0Wt2UHyxNa4K25EZZMgKns3BH1RLVbZCREPpLY0rhnNoHVQ==
  dependencies:
    nanoid "^3.3.7"
    picocolors "^1.0.1"
    source-map-js "^1.2.0"

preact@^10.0.0:
  version "10.23.2"
  resolved "https://registry.yarnpkg.com/preact/-/preact-10.23.2.tgz#52deec92796ae0f0cc6b034d9c66e0fbc1b837dc"
  integrity sha512-kKYfePf9rzKnxOAKDpsWhg/ysrHPqT+yQ7UW4JjdnqjFIeNUnNcEJvhuA8fDenxAGWzUqtd51DfVg7xp/8T9NA==

rfdc@^1.4.1:
  version "1.4.1"
  resolved "https://registry.yarnpkg.com/rfdc/-/rfdc-1.4.1.tgz#778f76c4fb731d93414e8f925fbecf64cce7f6ca"
  integrity sha512-q1b3N5QkRUWUl7iyylaaj3kOpIT0N2i9MqIEQXP73GVsN9cw3fdx8X63cEmWhJGi2PPCF23Ijp7ktmd39rawIA==

rollup@^4.20.0:
  version "4.21.0"
  resolved "https://registry.yarnpkg.com/rollup/-/rollup-4.21.0.tgz#28db5f5c556a5180361d35009979ccc749560b9d"
  integrity sha512-vo+S/lfA2lMS7rZ2Qoubi6I5hwZwzXeUIctILZLbHI+laNtvhhOIon2S1JksA5UEDQ7l3vberd0fxK44lTYjbQ==
  dependencies:
    "@types/estree" "1.0.5"
  optionalDependencies:
    "@rollup/rollup-android-arm-eabi" "4.21.0"
    "@rollup/rollup-android-arm64" "4.21.0"
    "@rollup/rollup-darwin-arm64" "4.21.0"
    "@rollup/rollup-darwin-x64" "4.21.0"
    "@rollup/rollup-linux-arm-gnueabihf" "4.21.0"
    "@rollup/rollup-linux-arm-musleabihf" "4.21.0"
    "@rollup/rollup-linux-arm64-gnu" "4.21.0"
    "@rollup/rollup-linux-arm64-musl" "4.21.0"
    "@rollup/rollup-linux-powerpc64le-gnu" "4.21.0"
    "@rollup/rollup-linux-riscv64-gnu" "4.21.0"
    "@rollup/rollup-linux-s390x-gnu" "4.21.0"
    "@rollup/rollup-linux-x64-gnu" "4.21.0"
    "@rollup/rollup-linux-x64-musl" "4.21.0"
    "@rollup/rollup-win32-arm64-msvc" "4.21.0"
    "@rollup/rollup-win32-ia32-msvc" "4.21.0"
    "@rollup/rollup-win32-x64-msvc" "4.21.0"
    fsevents "~2.3.2"

shiki@1.14.1, shiki@^1.13.0:
  version "1.14.1"
  resolved "https://registry.yarnpkg.com/shiki/-/shiki-1.14.1.tgz#617e62dfbe3a083e46111e22086044fbd7644786"
  integrity sha512-FujAN40NEejeXdzPt+3sZ3F2dx1U24BY2XTY01+MG8mbxCiA2XukXdcbyMyLAHJ/1AUUnQd1tZlvIjefWWEJeA==
  dependencies:
    "@shikijs/core" "1.14.1"
    "@types/hast" "^3.0.4"

source-map-js@^1.2.0:
  version "1.2.0"
  resolved "https://registry.yarnpkg.com/source-map-js/-/source-map-js-1.2.0.tgz#16b809c162517b5b8c3e7dcd315a2a5c2612b2af"
  integrity sha512-itJW8lvSA0TXEphiRoawsCksnlf8SyvmFzIhltqAHluXd88pkCd+cXJVHTDwdCr0IzwptSm035IHQktUu1QUMg==

speakingurl@^14.0.1:
  version "14.0.1"
  resolved "https://registry.yarnpkg.com/speakingurl/-/speakingurl-14.0.1.tgz#f37ec8ddc4ab98e9600c1c9ec324a8c48d772a53"
  integrity sha512-1POYv7uv2gXoyGFpBCmpDVSNV74IfsWlDW216UPjbWufNf+bSU6GdbDsxdcxtfwb4xlI3yxzOTKClUosxARYrQ==

superjson@^2.2.1:
  version "2.2.1"
  resolved "https://registry.yarnpkg.com/superjson/-/superjson-2.2.1.tgz#9377a7fa80fedb10c851c9dbffd942d4bcf79733"
  integrity sha512-8iGv75BYOa0xRJHK5vRLEjE2H/i4lulTjzpUXic3Eg8akftYjkmQDa8JARQ42rlczXyFR3IeRoeFCc7RxHsYZA==
  dependencies:
    copy-anything "^3.0.2"

tabbable@^6.2.0:
  version "6.2.0"
  resolved "https://registry.yarnpkg.com/tabbable/-/tabbable-6.2.0.tgz#732fb62bc0175cfcec257330be187dcfba1f3b97"
  integrity sha512-Cat63mxsVJlzYvN51JmVXIgNoUokrIaT2zLclCXjRd8boZ0004U4KCs/sToJ75C6sdlByWxpYnb5Boif1VSFew==

to-fast-properties@^2.0.0:
  version "2.0.0"
  resolved "https://registry.yarnpkg.com/to-fast-properties/-/to-fast-properties-2.0.0.tgz#dc5e698cbd079265bc73e0377681a4e4e83f616e"
  integrity sha512-/OaKK0xYrs3DmxRYqL/yDc+FxFUVYhDlXMhRmv3z915w2HF1tnN1omB354j8VUGO/hbRzyD6Y3sA7v7GS/ceog==

vite@^5.4.1:
  version "5.4.2"
  resolved "https://registry.yarnpkg.com/vite/-/vite-5.4.2.tgz#8acb6ec4bfab823cdfc1cb2d6c53ed311bc4e47e"
  integrity sha512-dDrQTRHp5C1fTFzcSaMxjk6vdpKvT+2/mIdE07Gw2ykehT49O0z/VHS3zZ8iV/Gh8BJJKHWOe5RjaNrW5xf/GA==
  dependencies:
    esbuild "^0.21.3"
    postcss "^8.4.41"
    rollup "^4.20.0"
  optionalDependencies:
    fsevents "~2.3.3"

vitepress@^1.3.3:
  version "1.3.3"
  resolved "https://registry.yarnpkg.com/vitepress/-/vitepress-1.3.3.tgz#a59003c7f234371e68706111b38d4121b1103744"
  integrity sha512-6UzEw/wZ41S/CATby7ea7UlffvRER/uekxgN6hbEvSys9ukmLOKsz87Ehq9yOx1Rwiw+Sj97yjpivP8w1sUmng==
  dependencies:
    "@docsearch/css" "^3.6.1"
    "@docsearch/js" "^3.6.1"
    "@shikijs/core" "^1.13.0"
    "@shikijs/transformers" "^1.13.0"
    "@types/markdown-it" "^14.1.2"
    "@vitejs/plugin-vue" "^5.1.2"
    "@vue/devtools-api" "^7.3.8"
    "@vue/shared" "^3.4.38"
    "@vueuse/core" "^11.0.0"
    "@vueuse/integrations" "^11.0.0"
    focus-trap "^7.5.4"
    mark.js "8.11.1"
    minisearch "^7.1.0"
    shiki "^1.13.0"
    vite "^5.4.1"
    vue "^3.4.38"

vue-demi@>=0.14.10:
  version "0.14.10"
  resolved "https://registry.yarnpkg.com/vue-demi/-/vue-demi-0.14.10.tgz#afc78de3d6f9e11bf78c55e8510ee12814522f04"
  integrity sha512-nMZBOwuzabUO0nLgIcc6rycZEebF6eeUfaiQx9+WSk8e29IbLvPU9feI6tqW4kTo3hvoYAJkMh8n8D0fuISphg==

vue@^3.4.35, vue@^3.4.38:
  version "3.4.38"
  resolved "https://registry.yarnpkg.com/vue/-/vue-3.4.38.tgz#0ccbb64ed03ef3c4ab73e540793290b18e7c4236"
  integrity sha512-f0ZgN+mZ5KFgVv9wz0f4OgVKukoXtS3nwET4c2vLBGQR50aI8G0cqbFtLlX9Yiyg3LFGBitruPHt2PxwTduJEw==
  dependencies:
    "@vue/compiler-dom" "3.4.38"
    "@vue/compiler-sfc" "3.4.38"
    "@vue/runtime-dom" "3.4.38"
    "@vue/server-renderer" "3.4.38"
    "@vue/shared" "3.4.38"
